// !$*UTF8*$!
{
	archiveVersion = 1;
	classes = {
	};
	objectVersion = 50;
	objects = {

/* Begin PBXBuildFile section */
		08862E03250D396400384212 /* AppDelegate.swift in Sources */ = {isa = PBXBuildFile; fileRef = 08862E02250D396400384212 /* AppDelegate.swift */; };
		08862E05250D396400384212 /* SceneDelegate.swift in Sources */ = {isa = PBXBuildFile; fileRef = 08862E04250D396400384212 /* SceneDelegate.swift */; };
		08862E07250D396400384212 /* MainMenu.swift in Sources */ = {isa = PBXBuildFile; fileRef = 08862E06250D396400384212 /* MainMenu.swift */; };
		08862E09250D396400384212 /* Settings.swift in Sources */ = {isa = PBXBuildFile; fileRef = 08862E08250D396400384212 /* Settings.swift */; };
		08862E0C250D396400384212 /* Main.storyboard in Resources */ = {isa = PBXBuildFile; fileRef = 08862E0A250D396400384212 /* Main.storyboard */; };
		08862E0F250D396400384212 /* Ios_Demonstrations.xcdatamodeld in Sources */ = {isa = PBXBuildFile; fileRef = 08862E0D250D396400384212 /* Ios_Demonstrations.xcdatamodeld */; };
		08862E11250D396700384212 /* Assets.xcassets in Resources */ = {isa = PBXBuildFile; fileRef = 08862E10250D396700384212 /* Assets.xcassets */; };
		08862E14250D396700384212 /* LaunchScreen.storyboard in Resources */ = {isa = PBXBuildFile; fileRef = 08862E12250D396700384212 /* LaunchScreen.storyboard */; };
		08862E1F250D396800384212 /* Ios_DemonstrationsTests.swift in Sources */ = {isa = PBXBuildFile; fileRef = 08862E1E250D396800384212 /* Ios_DemonstrationsTests.swift */; };
		08862E2A250D396800384212 /* Ios_DemonstrationsUITests.swift in Sources */ = {isa = PBXBuildFile; fileRef = 08862E29250D396800384212 /* Ios_DemonstrationsUITests.swift */; };
		08862E3C250D3CFC00384212 /* UILabelX.swift in Sources */ = {isa = PBXBuildFile; fileRef = 08862E39250D3CFC00384212 /* UILabelX.swift */; };
		08862E3D250D3CFC00384212 /* CurvedLabel.m in Sources */ = {isa = PBXBuildFile; fileRef = 08862E3A250D3CFC00384212 /* CurvedLabel.m */; };
		08862E3E250D3CFC00384212 /* KCRotaryWheel.swift in Sources */ = {isa = PBXBuildFile; fileRef = 08862E3B250D3CFC00384212 /* KCRotaryWheel.swift */; };
		08862E45250D41CF00384212 /* UIColor+hex.m in Sources */ = {isa = PBXBuildFile; fileRef = 08862E43250D41CF00384212 /* UIColor+hex.m */; };
		189A77170EC09994A01C52DF /* Pods_Ios_DemonstrationsTests.framework in Frameworks */ = {isa = PBXBuildFile; fileRef = 8C30346F89F1485AC71D169A /* Pods_Ios_DemonstrationsTests.framework */; };
		BC3EC0E2C020E7004FD446AA /* Pods_Ios_Demonstrations_Ios_DemonstrationsUITests.framework in Frameworks */ = {isa = PBXBuildFile; fileRef = 699F692E42C63F6223E01ACC /* Pods_Ios_Demonstrations_Ios_DemonstrationsUITests.framework */; };
		E23FEBE09DE6C9B945A6EB24 /* Pods_Ios_Demonstrations.framework in Frameworks */ = {isa = PBXBuildFile; fileRef = D1A7EA1CA528560A9E39744A /* Pods_Ios_Demonstrations.framework */; };
/* End PBXBuildFile section */

/* Begin PBXContainerItemProxy section */
		08862E1B250D396800384212 /* PBXContainerItemProxy */ = {
			isa = PBXContainerItemProxy;
			containerPortal = 08862DF7250D396400384212 /* Project object */;
			proxyType = 1;
			remoteGlobalIDString = 08862DFE250D396400384212;
			remoteInfo = "Ios Demonstrations";
		};
		08862E26250D396800384212 /* PBXContainerItemProxy */ = {
			isa = PBXContainerItemProxy;
			containerPortal = 08862DF7250D396400384212 /* Project object */;
			proxyType = 1;
			remoteGlobalIDString = 08862DFE250D396400384212;
			remoteInfo = "Ios Demonstrations";
		};
/* End PBXContainerItemProxy section */

/* Begin PBXFileReference section */
		08212949DA20ADE3CC0E5B87 /* Pods-Ios Demonstrations-Ios DemonstrationsUITests.debug.xcconfig */ = {isa = PBXFileReference; includeInIndex = 1; lastKnownFileType = text.xcconfig; name = "Pods-Ios Demonstrations-Ios DemonstrationsUITests.debug.xcconfig"; path = "Target Support Files/Pods-Ios Demonstrations-Ios DemonstrationsUITests/Pods-Ios Demonstrations-Ios DemonstrationsUITests.debug.xcconfig"; sourceTree = "<group>"; };
		08862DFF250D396400384212 /* Ios Demonstrations.app */ = {isa = PBXFileReference; explicitFileType = wrapper.application; includeInIndex = 0; path = "Ios Demonstrations.app"; sourceTree = BUILT_PRODUCTS_DIR; };
		08862E02250D396400384212 /* AppDelegate.swift */ = {isa = PBXFileReference; lastKnownFileType = sourcecode.swift; path = AppDelegate.swift; sourceTree = "<group>"; };
		08862E04250D396400384212 /* SceneDelegate.swift */ = {isa = PBXFileReference; lastKnownFileType = sourcecode.swift; path = SceneDelegate.swift; sourceTree = "<group>"; };
		08862E06250D396400384212 /* MainMenu.swift */ = {isa = PBXFileReference; lastKnownFileType = sourcecode.swift; path = MainMenu.swift; sourceTree = "<group>"; };
		08862E08250D396400384212 /* Settings.swift */ = {isa = PBXFileReference; lastKnownFileType = sourcecode.swift; path = Settings.swift; sourceTree = "<group>"; };
		08862E0B250D396400384212 /* Base */ = {isa = PBXFileReference; lastKnownFileType = file.storyboard; name = Base; path = Base.lproj/Main.storyboard; sourceTree = "<group>"; };
		08862E0E250D396400384212 /* Ios_Demonstrations.xcdatamodel */ = {isa = PBXFileReference; lastKnownFileType = wrapper.xcdatamodel; path = Ios_Demonstrations.xcdatamodel; sourceTree = "<group>"; };
		08862E10250D396700384212 /* Assets.xcassets */ = {isa = PBXFileReference; lastKnownFileType = folder.assetcatalog; path = Assets.xcassets; sourceTree = "<group>"; };
		08862E13250D396700384212 /* Base */ = {isa = PBXFileReference; lastKnownFileType = file.storyboard; name = Base; path = Base.lproj/LaunchScreen.storyboard; sourceTree = "<group>"; };
		08862E15250D396700384212 /* Info.plist */ = {isa = PBXFileReference; lastKnownFileType = text.plist.xml; path = Info.plist; sourceTree = "<group>"; };
		08862E1A250D396800384212 /* Ios DemonstrationsTests.xctest */ = {isa = PBXFileReference; explicitFileType = wrapper.cfbundle; includeInIndex = 0; path = "Ios DemonstrationsTests.xctest"; sourceTree = BUILT_PRODUCTS_DIR; };
		08862E1E250D396800384212 /* Ios_DemonstrationsTests.swift */ = {isa = PBXFileReference; lastKnownFileType = sourcecode.swift; path = Ios_DemonstrationsTests.swift; sourceTree = "<group>"; };
		08862E20250D396800384212 /* Info.plist */ = {isa = PBXFileReference; lastKnownFileType = text.plist.xml; path = Info.plist; sourceTree = "<group>"; };
		08862E25250D396800384212 /* Ios DemonstrationsUITests.xctest */ = {isa = PBXFileReference; explicitFileType = wrapper.cfbundle; includeInIndex = 0; path = "Ios DemonstrationsUITests.xctest"; sourceTree = BUILT_PRODUCTS_DIR; };
		08862E29250D396800384212 /* Ios_DemonstrationsUITests.swift */ = {isa = PBXFileReference; lastKnownFileType = sourcecode.swift; path = Ios_DemonstrationsUITests.swift; sourceTree = "<group>"; };
		08862E2B250D396800384212 /* Info.plist */ = {isa = PBXFileReference; lastKnownFileType = text.plist.xml; path = Info.plist; sourceTree = "<group>"; };
		08862E38250D3CFC00384212 /* CurvedLabel.h */ = {isa = PBXFileReference; fileEncoding = 4; lastKnownFileType = sourcecode.c.h; path = CurvedLabel.h; sourceTree = "<group>"; };
		08862E39250D3CFC00384212 /* UILabelX.swift */ = {isa = PBXFileReference; fileEncoding = 4; lastKnownFileType = sourcecode.swift; path = UILabelX.swift; sourceTree = "<group>"; };
		08862E3A250D3CFC00384212 /* CurvedLabel.m */ = {isa = PBXFileReference; fileEncoding = 4; lastKnownFileType = sourcecode.c.objc; path = CurvedLabel.m; sourceTree = "<group>"; };
		08862E3B250D3CFC00384212 /* KCRotaryWheel.swift */ = {isa = PBXFileReference; fileEncoding = 4; lastKnownFileType = sourcecode.swift; path = KCRotaryWheel.swift; sourceTree = "<group>"; };
		08862E3F250D3DDD00384212 /* KCRotaryProtocol.h */ = {isa = PBXFileReference; fileEncoding = 4; lastKnownFileType = sourcecode.c.h; path = KCRotaryProtocol.h; sourceTree = "<group>"; };
		08862E41250D406400384212 /* SwiftBridge.h */ = {isa = PBXFileReference; fileEncoding = 4; lastKnownFileType = sourcecode.c.h; path = SwiftBridge.h; sourceTree = "<group>"; };
		08862E43250D41CF00384212 /* UIColor+hex.m */ = {isa = PBXFileReference; fileEncoding = 4; lastKnownFileType = sourcecode.c.objc; path = "UIColor+hex.m"; sourceTree = "<group>"; };
		08862E44250D41CF00384212 /* UIColor+hex.h */ = {isa = PBXFileReference; fileEncoding = 4; lastKnownFileType = sourcecode.c.h; path = "UIColor+hex.h"; sourceTree = "<group>"; };
		386713A2C308FBE57660337B /* Pods-Ios DemonstrationsTests.debug.xcconfig */ = {isa = PBXFileReference; includeInIndex = 1; lastKnownFileType = text.xcconfig; name = "Pods-Ios DemonstrationsTests.debug.xcconfig"; path = "Target Support Files/Pods-Ios DemonstrationsTests/Pods-Ios DemonstrationsTests.debug.xcconfig"; sourceTree = "<group>"; };
		68FD7EDB143522957E2E30A8 /* Pods-Ios DemonstrationsTests.release.xcconfig */ = {isa = PBXFileReference; includeInIndex = 1; lastKnownFileType = text.xcconfig; name = "Pods-Ios DemonstrationsTests.release.xcconfig"; path = "Target Support Files/Pods-Ios DemonstrationsTests/Pods-Ios DemonstrationsTests.release.xcconfig"; sourceTree = "<group>"; };
		699F692E42C63F6223E01ACC /* Pods_Ios_Demonstrations_Ios_DemonstrationsUITests.framework */ = {isa = PBXFileReference; explicitFileType = wrapper.framework; includeInIndex = 0; path = Pods_Ios_Demonstrations_Ios_DemonstrationsUITests.framework; sourceTree = BUILT_PRODUCTS_DIR; };
		7AE9A2DF8BD5354250914BCC /* Pods-Ios Demonstrations-Ios DemonstrationsUITests.release.xcconfig */ = {isa = PBXFileReference; includeInIndex = 1; lastKnownFileType = text.xcconfig; name = "Pods-Ios Demonstrations-Ios DemonstrationsUITests.release.xcconfig"; path = "Target Support Files/Pods-Ios Demonstrations-Ios DemonstrationsUITests/Pods-Ios Demonstrations-Ios DemonstrationsUITests.release.xcconfig"; sourceTree = "<group>"; };
		8C30346F89F1485AC71D169A /* Pods_Ios_DemonstrationsTests.framework */ = {isa = PBXFileReference; explicitFileType = wrapper.framework; includeInIndex = 0; path = Pods_Ios_DemonstrationsTests.framework; sourceTree = BUILT_PRODUCTS_DIR; };
		C636F44B54C398B9D0927911 /* Pods-Ios Demonstrations.release.xcconfig */ = {isa = PBXFileReference; includeInIndex = 1; lastKnownFileType = text.xcconfig; name = "Pods-Ios Demonstrations.release.xcconfig"; path = "Target Support Files/Pods-Ios Demonstrations/Pods-Ios Demonstrations.release.xcconfig"; sourceTree = "<group>"; };
		D1A7EA1CA528560A9E39744A /* Pods_Ios_Demonstrations.framework */ = {isa = PBXFileReference; explicitFileType = wrapper.framework; includeInIndex = 0; path = Pods_Ios_Demonstrations.framework; sourceTree = BUILT_PRODUCTS_DIR; };
		EE10EC4A882FC956EC238BBC /* Pods-Ios Demonstrations.debug.xcconfig */ = {isa = PBXFileReference; includeInIndex = 1; lastKnownFileType = text.xcconfig; name = "Pods-Ios Demonstrations.debug.xcconfig"; path = "Target Support Files/Pods-Ios Demonstrations/Pods-Ios Demonstrations.debug.xcconfig"; sourceTree = "<group>"; };
/* End PBXFileReference section */

/* Begin PBXFrameworksBuildPhase section */
		08862DFC250D396400384212 /* Frameworks */ = {
			isa = PBXFrameworksBuildPhase;
			buildActionMask = 2147483647;
			files = (
				E23FEBE09DE6C9B945A6EB24 /* Pods_Ios_Demonstrations.framework in Frameworks */,
			);
			runOnlyForDeploymentPostprocessing = 0;
		};
		08862E17250D396800384212 /* Frameworks */ = {
			isa = PBXFrameworksBuildPhase;
			buildActionMask = 2147483647;
			files = (
				189A77170EC09994A01C52DF /* Pods_Ios_DemonstrationsTests.framework in Frameworks */,
			);
			runOnlyForDeploymentPostprocessing = 0;
		};
		08862E22250D396800384212 /* Frameworks */ = {
			isa = PBXFrameworksBuildPhase;
			buildActionMask = 2147483647;
			files = (
				BC3EC0E2C020E7004FD446AA /* Pods_Ios_Demonstrations_Ios_DemonstrationsUITests.framework in Frameworks */,
			);
			runOnlyForDeploymentPostprocessing = 0;
		};
/* End PBXFrameworksBuildPhase section */

/* Begin PBXGroup section */
		08862DF6250D396400384212 = {
			isa = PBXGroup;
			children = (
				08862E41250D406400384212 /* SwiftBridge.h */,
				08862E01250D396400384212 /* Ios Demonstrations */,
				08862E1D250D396800384212 /* Ios DemonstrationsTests */,
				08862E28250D396800384212 /* Ios DemonstrationsUITests */,
				08862E00250D396400384212 /* Products */,
				71C5BEDC6318C3ABE5C9DC28 /* Pods */,
				3ECF9AE0E28287EB9AAA1AB6 /* Frameworks */,
			);
			sourceTree = "<group>";
		};
		08862E00250D396400384212 /* Products */ = {
			isa = PBXGroup;
			children = (
				08862DFF250D396400384212 /* Ios Demonstrations.app */,
				08862E1A250D396800384212 /* Ios DemonstrationsTests.xctest */,
				08862E25250D396800384212 /* Ios DemonstrationsUITests.xctest */,
			);
			name = Products;
			sourceTree = "<group>";
		};
		08862E01250D396400384212 /* Ios Demonstrations */ = {
			isa = PBXGroup;
			children = (
				08862E02250D396400384212 /* AppDelegate.swift */,
				08862E04250D396400384212 /* SceneDelegate.swift */,
				08862E06250D396400384212 /* MainMenu.swift */,
				08862E08250D396400384212 /* Settings.swift */,
				08862E42250D41CF00384212 /* Resources */,
				08862E37250D3CFC00384212 /* Wheel */,
				08862E0A250D396400384212 /* Main.storyboard */,
				08862E10250D396700384212 /* Assets.xcassets */,
				08862E12250D396700384212 /* LaunchScreen.storyboard */,
				08862E15250D396700384212 /* Info.plist */,
				08862E0D250D396400384212 /* Ios_Demonstrations.xcdatamodeld */,
			);
			path = "Ios Demonstrations";
			sourceTree = "<group>";
		};
		08862E1D250D396800384212 /* Ios DemonstrationsTests */ = {
			isa = PBXGroup;
			children = (
				08862E1E250D396800384212 /* Ios_DemonstrationsTests.swift */,
				08862E20250D396800384212 /* Info.plist */,
			);
			path = "Ios DemonstrationsTests";
			sourceTree = "<group>";
		};
		08862E28250D396800384212 /* Ios DemonstrationsUITests */ = {
			isa = PBXGroup;
			children = (
				08862E29250D396800384212 /* Ios_DemonstrationsUITests.swift */,
				08862E2B250D396800384212 /* Info.plist */,
			);
			path = "Ios DemonstrationsUITests";
			sourceTree = "<group>";
		};
		08862E37250D3CFC00384212 /* Wheel */ = {
			isa = PBXGroup;
			children = (
				08862E38250D3CFC00384212 /* CurvedLabel.h */,
				08862E3F250D3DDD00384212 /* KCRotaryProtocol.h */,
				08862E39250D3CFC00384212 /* UILabelX.swift */,
				08862E3A250D3CFC00384212 /* CurvedLabel.m */,
				08862E3B250D3CFC00384212 /* KCRotaryWheel.swift */,
			);
			path = Wheel;
			sourceTree = "<group>";
		};
		08862E42250D41CF00384212 /* Resources */ = {
			isa = PBXGroup;
			children = (
				08862E43250D41CF00384212 /* UIColor+hex.m */,
				08862E44250D41CF00384212 /* UIColor+hex.h */,
			);
			path = Resources;
			sourceTree = "<group>";
		};
		3ECF9AE0E28287EB9AAA1AB6 /* Frameworks */ = {
			isa = PBXGroup;
			children = (
				D1A7EA1CA528560A9E39744A /* Pods_Ios_Demonstrations.framework */,
				699F692E42C63F6223E01ACC /* Pods_Ios_Demonstrations_Ios_DemonstrationsUITests.framework */,
				8C30346F89F1485AC71D169A /* Pods_Ios_DemonstrationsTests.framework */,
			);
			name = Frameworks;
			sourceTree = "<group>";
		};
		71C5BEDC6318C3ABE5C9DC28 /* Pods */ = {
			isa = PBXGroup;
			children = (
				EE10EC4A882FC956EC238BBC /* Pods-Ios Demonstrations.debug.xcconfig */,
				C636F44B54C398B9D0927911 /* Pods-Ios Demonstrations.release.xcconfig */,
				08212949DA20ADE3CC0E5B87 /* Pods-Ios Demonstrations-Ios DemonstrationsUITests.debug.xcconfig */,
				7AE9A2DF8BD5354250914BCC /* Pods-Ios Demonstrations-Ios DemonstrationsUITests.release.xcconfig */,
				386713A2C308FBE57660337B /* Pods-Ios DemonstrationsTests.debug.xcconfig */,
				68FD7EDB143522957E2E30A8 /* Pods-Ios DemonstrationsTests.release.xcconfig */,
			);
			name = Pods;
			path = Pods;
			sourceTree = "<group>";
		};
/* End PBXGroup section */

/* Begin PBXNativeTarget section */
		08862DFE250D396400384212 /* Ios Demonstrations */ = {
			isa = PBXNativeTarget;
			buildConfigurationList = 08862E2E250D396800384212 /* Build configuration list for PBXNativeTarget "Ios Demonstrations" */;
			buildPhases = (
				0EFC2D325B0E995BFBA78933 /* [CP] Check Pods Manifest.lock */,
				08862DFB250D396400384212 /* Sources */,
				08862DFC250D396400384212 /* Frameworks */,
				08862DFD250D396400384212 /* Resources */,
				AC5770E583DAF4EF2BDD5079 /* [CP] Embed Pods Frameworks */,
			);
			buildRules = (
			);
			dependencies = (
			);
			name = "Ios Demonstrations";
			productName = "Ios Demonstrations";
			productReference = 08862DFF250D396400384212 /* Ios Demonstrations.app */;
			productType = "com.apple.product-type.application";
		};
		08862E19250D396800384212 /* Ios DemonstrationsTests */ = {
			isa = PBXNativeTarget;
			buildConfigurationList = 08862E31250D396800384212 /* Build configuration list for PBXNativeTarget "Ios DemonstrationsTests" */;
			buildPhases = (
				8E4AFE9D3051E328466FC581 /* [CP] Check Pods Manifest.lock */,
				08862E16250D396800384212 /* Sources */,
				08862E17250D396800384212 /* Frameworks */,
				08862E18250D396800384212 /* Resources */,
			);
			buildRules = (
			);
			dependencies = (
				08862E1C250D396800384212 /* PBXTargetDependency */,
			);
			name = "Ios DemonstrationsTests";
			productName = "Ios DemonstrationsTests";
			productReference = 08862E1A250D396800384212 /* Ios DemonstrationsTests.xctest */;
			productType = "com.apple.product-type.bundle.unit-test";
		};
		08862E24250D396800384212 /* Ios DemonstrationsUITests */ = {
			isa = PBXNativeTarget;
			buildConfigurationList = 08862E34250D396800384212 /* Build configuration list for PBXNativeTarget "Ios DemonstrationsUITests" */;
			buildPhases = (
				58469F13BE819F86DBE5AC99 /* [CP] Check Pods Manifest.lock */,
				08862E21250D396800384212 /* Sources */,
				08862E22250D396800384212 /* Frameworks */,
				08862E23250D396800384212 /* Resources */,
				F611E6BB27CD576FB96A62F9 /* [CP] Embed Pods Frameworks */,
			);
			buildRules = (
			);
			dependencies = (
				08862E27250D396800384212 /* PBXTargetDependency */,
			);
			name = "Ios DemonstrationsUITests";
			productName = "Ios DemonstrationsUITests";
			productReference = 08862E25250D396800384212 /* Ios DemonstrationsUITests.xctest */;
			productType = "com.apple.product-type.bundle.ui-testing";
		};
/* End PBXNativeTarget section */

/* Begin PBXProject section */
		08862DF7250D396400384212 /* Project object */ = {
			isa = PBXProject;
			attributes = {
				LastSwiftUpdateCheck = 1170;
				LastUpgradeCheck = 1170;
				ORGANIZATIONNAME = "Nathan Walsh";
				TargetAttributes = {
					08862DFE250D396400384212 = {
						CreatedOnToolsVersion = 11.7;
					};
					08862E19250D396800384212 = {
						CreatedOnToolsVersion = 11.7;
						TestTargetID = 08862DFE250D396400384212;
					};
					08862E24250D396800384212 = {
						CreatedOnToolsVersion = 11.7;
						TestTargetID = 08862DFE250D396400384212;
					};
				};
			};
			buildConfigurationList = 08862DFA250D396400384212 /* Build configuration list for PBXProject "Ios Demonstrations" */;
			compatibilityVersion = "Xcode 9.3";
			developmentRegion = en;
			hasScannedForEncodings = 0;
			knownRegions = (
				en,
				Base,
			);
			mainGroup = 08862DF6250D396400384212;
			productRefGroup = 08862E00250D396400384212 /* Products */;
			projectDirPath = "";
			projectRoot = "";
			targets = (
				08862DFE250D396400384212 /* Ios Demonstrations */,
				08862E19250D396800384212 /* Ios DemonstrationsTests */,
				08862E24250D396800384212 /* Ios DemonstrationsUITests */,
			);
		};
/* End PBXProject section */

/* Begin PBXResourcesBuildPhase section */
		08862DFD250D396400384212 /* Resources */ = {
			isa = PBXResourcesBuildPhase;
			buildActionMask = 2147483647;
			files = (
				08862E14250D396700384212 /* LaunchScreen.storyboard in Resources */,
				08862E11250D396700384212 /* Assets.xcassets in Resources */,
				08862E0C250D396400384212 /* Main.storyboard in Resources */,
			);
			runOnlyForDeploymentPostprocessing = 0;
		};
		08862E18250D396800384212 /* Resources */ = {
			isa = PBXResourcesBuildPhase;
			buildActionMask = 2147483647;
			files = (
			);
			runOnlyForDeploymentPostprocessing = 0;
		};
		08862E23250D396800384212 /* Resources */ = {
			isa = PBXResourcesBuildPhase;
			buildActionMask = 2147483647;
			files = (
			);
			runOnlyForDeploymentPostprocessing = 0;
		};
/* End PBXResourcesBuildPhase section */

/* Begin PBXShellScriptBuildPhase section */
		0EFC2D325B0E995BFBA78933 /* [CP] Check Pods Manifest.lock */ = {
			isa = PBXShellScriptBuildPhase;
			buildActionMask = 2147483647;
			files = (
			);
			inputFileListPaths = (
			);
			inputPaths = (
				"${PODS_PODFILE_DIR_PATH}/Podfile.lock",
				"${PODS_ROOT}/Manifest.lock",
			);
			name = "[CP] Check Pods Manifest.lock";
			outputFileListPaths = (
			);
			outputPaths = (
				"$(DERIVED_FILE_DIR)/Pods-Ios Demonstrations-checkManifestLockResult.txt",
			);
			runOnlyForDeploymentPostprocessing = 0;
			shellPath = /bin/sh;
			shellScript = "diff \"${PODS_PODFILE_DIR_PATH}/Podfile.lock\" \"${PODS_ROOT}/Manifest.lock\" > /dev/null\nif [ $? != 0 ] ; then\n    # print error to STDERR\n    echo \"error: The sandbox is not in sync with the Podfile.lock. Run 'pod install' or update your CocoaPods installation.\" >&2\n    exit 1\nfi\n# This output is used by Xcode 'outputs' to avoid re-running this script phase.\necho \"SUCCESS\" > \"${SCRIPT_OUTPUT_FILE_0}\"\n";
			showEnvVarsInLog = 0;
		};
		58469F13BE819F86DBE5AC99 /* [CP] Check Pods Manifest.lock */ = {
			isa = PBXShellScriptBuildPhase;
			buildActionMask = 2147483647;
			files = (
			);
			inputFileListPaths = (
			);
			inputPaths = (
				"${PODS_PODFILE_DIR_PATH}/Podfile.lock",
				"${PODS_ROOT}/Manifest.lock",
			);
			name = "[CP] Check Pods Manifest.lock";
			outputFileListPaths = (
			);
			outputPaths = (
				"$(DERIVED_FILE_DIR)/Pods-Ios Demonstrations-Ios DemonstrationsUITests-checkManifestLockResult.txt",
			);
			runOnlyForDeploymentPostprocessing = 0;
			shellPath = /bin/sh;
			shellScript = "diff \"${PODS_PODFILE_DIR_PATH}/Podfile.lock\" \"${PODS_ROOT}/Manifest.lock\" > /dev/null\nif [ $? != 0 ] ; then\n    # print error to STDERR\n    echo \"error: The sandbox is not in sync with the Podfile.lock. Run 'pod install' or update your CocoaPods installation.\" >&2\n    exit 1\nfi\n# This output is used by Xcode 'outputs' to avoid re-running this script phase.\necho \"SUCCESS\" > \"${SCRIPT_OUTPUT_FILE_0}\"\n";
			showEnvVarsInLog = 0;
		};
		8E4AFE9D3051E328466FC581 /* [CP] Check Pods Manifest.lock */ = {
			isa = PBXShellScriptBuildPhase;
			buildActionMask = 2147483647;
			files = (
			);
			inputFileListPaths = (
			);
			inputPaths = (
				"${PODS_PODFILE_DIR_PATH}/Podfile.lock",
				"${PODS_ROOT}/Manifest.lock",
			);
			name = "[CP] Check Pods Manifest.lock";
			outputFileListPaths = (
			);
			outputPaths = (
				"$(DERIVED_FILE_DIR)/Pods-Ios DemonstrationsTests-checkManifestLockResult.txt",
			);
			runOnlyForDeploymentPostprocessing = 0;
			shellPath = /bin/sh;
			shellScript = "diff \"${PODS_PODFILE_DIR_PATH}/Podfile.lock\" \"${PODS_ROOT}/Manifest.lock\" > /dev/null\nif [ $? != 0 ] ; then\n    # print error to STDERR\n    echo \"error: The sandbox is not in sync with the Podfile.lock. Run 'pod install' or update your CocoaPods installation.\" >&2\n    exit 1\nfi\n# This output is used by Xcode 'outputs' to avoid re-running this script phase.\necho \"SUCCESS\" > \"${SCRIPT_OUTPUT_FILE_0}\"\n";
			showEnvVarsInLog = 0;
		};
		AC5770E583DAF4EF2BDD5079 /* [CP] Embed Pods Frameworks */ = {
			isa = PBXShellScriptBuildPhase;
			buildActionMask = 2147483647;
			files = (
			);
			inputFileListPaths = (
				"${PODS_ROOT}/Target Support Files/Pods-Ios Demonstrations/Pods-Ios Demonstrations-frameworks-${CONFIGURATION}-input-files.xcfilelist",
			);
			name = "[CP] Embed Pods Frameworks";
			outputFileListPaths = (
				"${PODS_ROOT}/Target Support Files/Pods-Ios Demonstrations/Pods-Ios Demonstrations-frameworks-${CONFIGURATION}-output-files.xcfilelist",
			);
			runOnlyForDeploymentPostprocessing = 0;
			shellPath = /bin/sh;
			shellScript = "\"${PODS_ROOT}/Target Support Files/Pods-Ios Demonstrations/Pods-Ios Demonstrations-frameworks.sh\"\n";
			showEnvVarsInLog = 0;
		};
		F611E6BB27CD576FB96A62F9 /* [CP] Embed Pods Frameworks */ = {
			isa = PBXShellScriptBuildPhase;
			buildActionMask = 2147483647;
			files = (
			);
			inputFileListPaths = (
				"${PODS_ROOT}/Target Support Files/Pods-Ios Demonstrations-Ios DemonstrationsUITests/Pods-Ios Demonstrations-Ios DemonstrationsUITests-frameworks-${CONFIGURATION}-input-files.xcfilelist",
			);
			name = "[CP] Embed Pods Frameworks";
			outputFileListPaths = (
				"${PODS_ROOT}/Target Support Files/Pods-Ios Demonstrations-Ios DemonstrationsUITests/Pods-Ios Demonstrations-Ios DemonstrationsUITests-frameworks-${CONFIGURATION}-output-files.xcfilelist",
			);
			runOnlyForDeploymentPostprocessing = 0;
			shellPath = /bin/sh;
			shellScript = "\"${PODS_ROOT}/Target Support Files/Pods-Ios Demonstrations-Ios DemonstrationsUITests/Pods-Ios Demonstrations-Ios DemonstrationsUITests-frameworks.sh\"\n";
			showEnvVarsInLog = 0;
		};
/* End PBXShellScriptBuildPhase section */

/* Begin PBXSourcesBuildPhase section */
		08862DFB250D396400384212 /* Sources */ = {
			isa = PBXSourcesBuildPhase;
			buildActionMask = 2147483647;
			files = (
				08862E09250D396400384212 /* Settings.swift in Sources */,
				08862E45250D41CF00384212 /* UIColor+hex.m in Sources */,
				08862E0F250D396400384212 /* Ios_Demonstrations.xcdatamodeld in Sources */,
				08862E3E250D3CFC00384212 /* KCRotaryWheel.swift in Sources */,
				08862E07250D396400384212 /* MainMenu.swift in Sources */,
				08862E3C250D3CFC00384212 /* UILabelX.swift in Sources */,
				08862E3D250D3CFC00384212 /* CurvedLabel.m in Sources */,
				08862E03250D396400384212 /* AppDelegate.swift in Sources */,
				08862E05250D396400384212 /* SceneDelegate.swift in Sources */,
			);
			runOnlyForDeploymentPostprocessing = 0;
		};
		08862E16250D396800384212 /* Sources */ = {
			isa = PBXSourcesBuildPhase;
			buildActionMask = 2147483647;
			files = (
				08862E1F250D396800384212 /* Ios_DemonstrationsTests.swift in Sources */,
			);
			runOnlyForDeploymentPostprocessing = 0;
		};
		08862E21250D396800384212 /* Sources */ = {
			isa = PBXSourcesBuildPhase;
			buildActionMask = 2147483647;
			files = (
				08862E2A250D396800384212 /* Ios_DemonstrationsUITests.swift in Sources */,
			);
			runOnlyForDeploymentPostprocessing = 0;
		};
/* End PBXSourcesBuildPhase section */

/* Begin PBXTargetDependency section */
		08862E1C250D396800384212 /* PBXTargetDependency */ = {
			isa = PBXTargetDependency;
			target = 08862DFE250D396400384212 /* Ios Demonstrations */;
			targetProxy = 08862E1B250D396800384212 /* PBXContainerItemProxy */;
		};
		08862E27250D396800384212 /* PBXTargetDependency */ = {
			isa = PBXTargetDependency;
			target = 08862DFE250D396400384212 /* Ios Demonstrations */;
			targetProxy = 08862E26250D396800384212 /* PBXContainerItemProxy */;
		};
/* End PBXTargetDependency section */

/* Begin PBXVariantGroup section */
		08862E0A250D396400384212 /* Main.storyboard */ = {
			isa = PBXVariantGroup;
			children = (
				08862E0B250D396400384212 /* Base */,
			);
			name = Main.storyboard;
			sourceTree = "<group>";
		};
		08862E12250D396700384212 /* LaunchScreen.storyboard */ = {
			isa = PBXVariantGroup;
			children = (
				08862E13250D396700384212 /* Base */,
			);
			name = LaunchScreen.storyboard;
			sourceTree = "<group>";
		};
/* End PBXVariantGroup section */

/* Begin XCBuildConfiguration section */
		08862E2C250D396800384212 /* Debug */ = {
			isa = XCBuildConfiguration;
			buildSettings = {
				ALWAYS_SEARCH_USER_PATHS = NO;
				CLANG_ANALYZER_NONNULL = YES;
				CLANG_ANALYZER_NUMBER_OBJECT_CONVERSION = YES_AGGRESSIVE;
				CLANG_CXX_LANGUAGE_STANDARD = "gnu++14";
				CLANG_CXX_LIBRARY = "libc++";
				CLANG_ENABLE_MODULES = YES;
				CLANG_ENABLE_OBJC_ARC = YES;
				CLANG_ENABLE_OBJC_WEAK = YES;
				CLANG_WARN_BLOCK_CAPTURE_AUTORELEASING = YES;
				CLANG_WARN_BOOL_CONVERSION = YES;
				CLANG_WARN_COMMA = YES;
				CLANG_WARN_CONSTANT_CONVERSION = YES;
				CLANG_WARN_DEPRECATED_OBJC_IMPLEMENTATIONS = YES;
				CLANG_WARN_DIRECT_OBJC_ISA_USAGE = YES_ERROR;
				CLANG_WARN_DOCUMENTATION_COMMENTS = YES;
				CLANG_WARN_EMPTY_BODY = YES;
				CLANG_WARN_ENUM_CONVERSION = YES;
				CLANG_WARN_INFINITE_RECURSION = YES;
				CLANG_WARN_INT_CONVERSION = YES;
				CLANG_WARN_NON_LITERAL_NULL_CONVERSION = YES;
				CLANG_WARN_OBJC_IMPLICIT_RETAIN_SELF = YES;
				CLANG_WARN_OBJC_LITERAL_CONVERSION = YES;
				CLANG_WARN_OBJC_ROOT_CLASS = YES_ERROR;
				CLANG_WARN_RANGE_LOOP_ANALYSIS = YES;
				CLANG_WARN_STRICT_PROTOTYPES = YES;
				CLANG_WARN_SUSPICIOUS_MOVE = YES;
				CLANG_WARN_UNGUARDED_AVAILABILITY = YES_AGGRESSIVE;
				CLANG_WARN_UNREACHABLE_CODE = YES;
				CLANG_WARN__DUPLICATE_METHOD_MATCH = YES;
				COPY_PHASE_STRIP = NO;
				DEBUG_INFORMATION_FORMAT = dwarf;
				ENABLE_STRICT_OBJC_MSGSEND = YES;
				ENABLE_TESTABILITY = YES;
				GCC_C_LANGUAGE_STANDARD = gnu11;
				GCC_DYNAMIC_NO_PIC = NO;
				GCC_NO_COMMON_BLOCKS = YES;
				GCC_OPTIMIZATION_LEVEL = 0;
				GCC_PREPROCESSOR_DEFINITIONS = (
					"DEBUG=1",
					"$(inherited)",
				);
				GCC_WARN_64_TO_32_BIT_CONVERSION = YES;
				GCC_WARN_ABOUT_RETURN_TYPE = YES_ERROR;
				GCC_WARN_UNDECLARED_SELECTOR = YES;
				GCC_WARN_UNINITIALIZED_AUTOS = YES_AGGRESSIVE;
				GCC_WARN_UNUSED_FUNCTION = YES;
				GCC_WARN_UNUSED_VARIABLE = YES;
				IPHONEOS_DEPLOYMENT_TARGET = 13.7;
				MTL_ENABLE_DEBUG_INFO = INCLUDE_SOURCE;
				MTL_FAST_MATH = YES;
				ONLY_ACTIVE_ARCH = YES;
				SDKROOT = iphoneos;
				SWIFT_ACTIVE_COMPILATION_CONDITIONS = DEBUG;
				SWIFT_OBJC_BRIDGING_HEADER = "$(SRCROOT)/SwiftBridge.h";
				SWIFT_OPTIMIZATION_LEVEL = "-Onone";
			};
			name = Debug;
		};
		08862E2D250D396800384212 /* Release */ = {
			isa = XCBuildConfiguration;
			buildSettings = {
				ALWAYS_SEARCH_USER_PATHS = NO;
				CLANG_ANALYZER_NONNULL = YES;
				CLANG_ANALYZER_NUMBER_OBJECT_CONVERSION = YES_AGGRESSIVE;
				CLANG_CXX_LANGUAGE_STANDARD = "gnu++14";
				CLANG_CXX_LIBRARY = "libc++";
				CLANG_ENABLE_MODULES = YES;
				CLANG_ENABLE_OBJC_ARC = YES;
				CLANG_ENABLE_OBJC_WEAK = YES;
				CLANG_WARN_BLOCK_CAPTURE_AUTORELEASING = YES;
				CLANG_WARN_BOOL_CONVERSION = YES;
				CLANG_WARN_COMMA = YES;
				CLANG_WARN_CONSTANT_CONVERSION = YES;
				CLANG_WARN_DEPRECATED_OBJC_IMPLEMENTATIONS = YES;
				CLANG_WARN_DIRECT_OBJC_ISA_USAGE = YES_ERROR;
				CLANG_WARN_DOCUMENTATION_COMMENTS = YES;
				CLANG_WARN_EMPTY_BODY = YES;
				CLANG_WARN_ENUM_CONVERSION = YES;
				CLANG_WARN_INFINITE_RECURSION = YES;
				CLANG_WARN_INT_CONVERSION = YES;
				CLANG_WARN_NON_LITERAL_NULL_CONVERSION = YES;
				CLANG_WARN_OBJC_IMPLICIT_RETAIN_SELF = YES;
				CLANG_WARN_OBJC_LITERAL_CONVERSION = YES;
				CLANG_WARN_OBJC_ROOT_CLASS = YES_ERROR;
				CLANG_WARN_RANGE_LOOP_ANALYSIS = YES;
				CLANG_WARN_STRICT_PROTOTYPES = YES;
				CLANG_WARN_SUSPICIOUS_MOVE = YES;
				CLANG_WARN_UNGUARDED_AVAILABILITY = YES_AGGRESSIVE;
				CLANG_WARN_UNREACHABLE_CODE = YES;
				CLANG_WARN__DUPLICATE_METHOD_MATCH = YES;
				COPY_PHASE_STRIP = NO;
				DEBUG_INFORMATION_FORMAT = "dwarf-with-dsym";
				ENABLE_NS_ASSERTIONS = NO;
				ENABLE_STRICT_OBJC_MSGSEND = YES;
				GCC_C_LANGUAGE_STANDARD = gnu11;
				GCC_NO_COMMON_BLOCKS = YES;
				GCC_WARN_64_TO_32_BIT_CONVERSION = YES;
				GCC_WARN_ABOUT_RETURN_TYPE = YES_ERROR;
				GCC_WARN_UNDECLARED_SELECTOR = YES;
				GCC_WARN_UNINITIALIZED_AUTOS = YES_AGGRESSIVE;
				GCC_WARN_UNUSED_FUNCTION = YES;
				GCC_WARN_UNUSED_VARIABLE = YES;
				IPHONEOS_DEPLOYMENT_TARGET = 13.7;
				MTL_ENABLE_DEBUG_INFO = NO;
				MTL_FAST_MATH = YES;
				SDKROOT = iphoneos;
				SWIFT_COMPILATION_MODE = wholemodule;
				SWIFT_OBJC_BRIDGING_HEADER = "$(SRCROOT)/SwiftBridge.h";
				SWIFT_OPTIMIZATION_LEVEL = "-O";
				VALIDATE_PRODUCT = YES;
			};
			name = Release;
		};
		08862E2F250D396800384212 /* Debug */ = {
			isa = XCBuildConfiguration;
			baseConfigurationReference = EE10EC4A882FC956EC238BBC /* Pods-Ios Demonstrations.debug.xcconfig */;
			buildSettings = {
				ASSETCATALOG_COMPILER_APPICON_NAME = AppIcon;
				CODE_SIGN_STYLE = Automatic;
				INFOPLIST_FILE = "Ios Demonstrations/Info.plist";
				LD_RUNPATH_SEARCH_PATHS = (
					"$(inherited)",
					"@executable_path/Frameworks",
				);
				PRODUCT_BUNDLE_IDENTIFIER = "com.nathan.walsh.Ios-Demonstrations";
				PRODUCT_NAME = "$(TARGET_NAME)";
				SWIFT_VERSION = 5.0;
				TARGETED_DEVICE_FAMILY = "1,2";
			};
			name = Debug;
		};
		08862E30250D396800384212 /* Release */ = {
			isa = XCBuildConfiguration;
			baseConfigurationReference = C636F44B54C398B9D0927911 /* Pods-Ios Demonstrations.release.xcconfig */;
			buildSettings = {
				ASSETCATALOG_COMPILER_APPICON_NAME = AppIcon;
				CODE_SIGN_STYLE = Automatic;
				INFOPLIST_FILE = "Ios Demonstrations/Info.plist";
				LD_RUNPATH_SEARCH_PATHS = (
					"$(inherited)",
					"@executable_path/Frameworks",
				);
				PRODUCT_BUNDLE_IDENTIFIER = "com.nathan.walsh.Ios-Demonstrations";
				PRODUCT_NAME = "$(TARGET_NAME)";
				SWIFT_VERSION = 5.0;
				TARGETED_DEVICE_FAMILY = "1,2";
			};
			name = Release;
		};
		08862E32250D396800384212 /* Debug */ = {
			isa = XCBuildConfiguration;
			baseConfigurationReference = 386713A2C308FBE57660337B /* Pods-Ios DemonstrationsTests.debug.xcconfig */;
			buildSettings = {
				ALWAYS_EMBED_SWIFT_STANDARD_LIBRARIES = YES;
				BUNDLE_LOADER = "$(TEST_HOST)";
				CODE_SIGN_STYLE = Automatic;
				INFOPLIST_FILE = "Ios DemonstrationsTests/Info.plist";
				IPHONEOS_DEPLOYMENT_TARGET = 13.7;
				LD_RUNPATH_SEARCH_PATHS = (
					"$(inherited)",
					"@executable_path/Frameworks",
					"@loader_path/Frameworks",
				);
				PRODUCT_BUNDLE_IDENTIFIER = "com.nathan.walsh.Ios-DemonstrationsTests";
				PRODUCT_NAME = "$(TARGET_NAME)";
				SWIFT_VERSION = 5.0;
				TARGETED_DEVICE_FAMILY = "1,2";
				TEST_HOST = "$(BUILT_PRODUCTS_DIR)/Ios Demonstrations.app/Ios Demonstrations";
			};
			name = Debug;
		};
		08862E33250D396800384212 /* Release */ = {
			isa = XCBuildConfiguration;
			baseConfigurationReference = 68FD7EDB143522957E2E30A8 /* Pods-Ios DemonstrationsTests.release.xcconfig */;
			buildSettings = {
				ALWAYS_EMBED_SWIFT_STANDARD_LIBRARIES = YES;
				BUNDLE_LOADER = "$(TEST_HOST)";
				CODE_SIGN_STYLE = Automatic;
				INFOPLIST_FILE = "Ios DemonstrationsTests/Info.plist";
				IPHONEOS_DEPLOYMENT_TARGET = 13.7;
				LD_RUNPATH_SEARCH_PATHS = (
					"$(inherited)",
					"@executable_path/Frameworks",
					"@loader_path/Frameworks",
				);
				PRODUCT_BUNDLE_IDENTIFIER = "com.nathan.walsh.Ios-DemonstrationsTests";
				PRODUCT_NAME = "$(TARGET_NAME)";
				SWIFT_VERSION = 5.0;
				TARGETED_DEVICE_FAMILY = "1,2";
				TEST_HOST = "$(BUILT_PRODUCTS_DIR)/Ios Demonstrations.app/Ios Demonstrations";
			};
			name = Release;
		};
		08862E35250D396800384212 /* Debug */ = {
			isa = XCBuildConfiguration;
			baseConfigurationReference = 08212949DA20ADE3CC0E5B87 /* Pods-Ios Demonstrations-Ios DemonstrationsUITests.debug.xcconfig */;
			buildSettings = {
				ALWAYS_EMBED_SWIFT_STANDARD_LIBRARIES = YES;
				CODE_SIGN_STYLE = Automatic;
				INFOPLIST_FILE = "Ios DemonstrationsUITests/Info.plist";
				LD_RUNPATH_SEARCH_PATHS = (
					"$(inherited)",
					"@executable_path/Frameworks",
					"@loader_path/Frameworks",
				);
				PRODUCT_BUNDLE_IDENTIFIER = "com.nathan.walsh.Ios-DemonstrationsUITests";
				PRODUCT_NAME = "$(TARGET_NAME)";
				SWIFT_VERSION = 5.0;
				TARGETED_DEVICE_FAMILY = "1,2";
				TEST_TARGET_NAME = "Ios Demonstrations";
			};
			name = Debug;
		};
		08862E36250D396800384212 /* Release */ = {
			isa = XCBuildConfiguration;
			baseConfigurationReference = 7AE9A2DF8BD5354250914BCC /* Pods-Ios Demonstrations-Ios DemonstrationsUITests.release.xcconfig */;
			buildSettings = {
				ALWAYS_EMBED_SWIFT_STANDARD_LIBRARIES = YES;
				CODE_SIGN_STYLE = Automatic;
				INFOPLIST_FILE = "Ios DemonstrationsUITests/Info.plist";
				LD_RUNPATH_SEARCH_PATHS = (
					"$(inherited)",
					"@executable_path/Frameworks",
					"@loader_path/Frameworks",
				);
				PRODUCT_BUNDLE_IDENTIFIER = "com.nathan.walsh.Ios-DemonstrationsUITests";
				PRODUCT_NAME = "$(TARGET_NAME)";
				SWIFT_VERSION = 5.0;
				TARGETED_DEVICE_FAMILY = "1,2";
				TEST_TARGET_NAME = "Ios Demonstrations";
			};
			name = Release;
		};
/* End XCBuildConfiguration section */

/* Begin XCConfigurationList section */
		08862DFA250D396400384212 /* Build configuration list for PBXProject "Ios Demonstrations" */ = {
			isa = XCConfigurationList;
			buildConfigurations = (
				08862E2C250D396800384212 /* Debug */,
				08862E2D250D396800384212 /* Release */,
			);
			defaultConfigurationIsVisible = 0;
			defaultConfigurationName = Release;
		};
		08862E2E250D396800384212 /* Build configuration list for PBXNativeTarget "Ios Demonstrations" */ = {
			isa = XCConfigurationList;
			buildConfigurations = (
				08862E2F250D396800384212 /* Debug */,
				08862E30250D396800384212 /* Release */,
			);
			defaultConfigurationIsVisible = 0;
			defaultConfigurationName = Release;
		};
		08862E31250D396800384212 /* Build configuration list for PBXNativeTarget "Ios DemonstrationsTests" */ = {
			isa = XCConfigurationList;
			buildConfigurations = (
				08862E32250D396800384212 /* Debug */,
				08862E33250D396800384212 /* Release */,
			);
			defaultConfigurationIsVisible = 0;
			defaultConfigurationName = Release;
		};
		08862E34250D396800384212 /* Build configuration list for PBXNativeTarget "Ios DemonstrationsUITests" */ = {
			isa = XCConfigurationList;
			buildConfigurations = (
				08862E35250D396800384212 /* Debug */,
				08862E36250D396800384212 /* Release */,
			);
			defaultConfigurationIsVisible = 0;
			defaultConfigurationName = Release;
		};
/* End XCConfigurationList section */

/* Begin XCVersionGroup section */
		08862E0D250D396400384212 /* Ios_Demonstrations.xcdatamodeld */ = {
			isa = XCVersionGroup;
			children = (
				08862E0E250D396400384212 /* Ios_Demonstrations.xcdatamodel */,
			);
			currentVersion = 08862E0E250D396400384212 /* Ios_Demonstrations.xcdatamodel */;
			path = Ios_Demonstrations.xcdatamodeld;
			sourceTree = "<group>";
			versionGroupType = wrapper.xcdatamodel;
		};
/* End XCVersionGroup section */
	};
	rootObject = 08862DF7250D396400384212 /* Project object */;
}
