// !$*UTF8*$!
{
	archiveVersion = 1;
	classes = {
	};
	objectVersion = 51;
	objects = {

/* Begin PBXBuildFile section */
		08624D4F251942E70050F5FC /* BeerViewer.swift in Sources */ = {isa = PBXBuildFile; fileRef = 08624D4D251942E70050F5FC /* BeerViewer.swift */; };
		08624D50251942E70050F5FC /* BeerViewer.xib in Resources */ = {isa = PBXBuildFile; fileRef = 08624D4E251942E70050F5FC /* BeerViewer.xib */; };
		08624D5F251A47C90050F5FC /* AdvancedSearchViewController.m in Sources */ = {isa = PBXBuildFile; fileRef = 08624D59251A47C90050F5FC /* AdvancedSearchViewController.m */; };
		08624D60251A47C90050F5FC /* AdvancedSearchSectionTitle.m in Sources */ = {isa = PBXBuildFile; fileRef = 08624D5A251A47C90050F5FC /* AdvancedSearchSectionTitle.m */; };
		08624D61251A47C90050F5FC /* AdvancedSearchViewController.xib in Resources */ = {isa = PBXBuildFile; fileRef = 08624D5B251A47C90050F5FC /* AdvancedSearchViewController.xib */; };
		08624D62251A47C90050F5FC /* AdvancedSearchSectionTitle.xib in Resources */ = {isa = PBXBuildFile; fileRef = 08624D5C251A47C90050F5FC /* AdvancedSearchSectionTitle.xib */; };
		08624D69251A48230050F5FC /* mediaTagCell.xib in Resources */ = {isa = PBXBuildFile; fileRef = 08624D66251A48230050F5FC /* mediaTagCell.xib */; };
		08624D6A251A48230050F5FC /* mediaTagCell.m in Sources */ = {isa = PBXBuildFile; fileRef = 08624D68251A48230050F5FC /* mediaTagCell.m */; };
		08624D6F251A4A5B0050F5FC /* SearchTag.swift in Sources */ = {isa = PBXBuildFile; fileRef = 08624D6E251A4A5B0050F5FC /* SearchTag.swift */; };
		08624D83251BFD4C0050F5FC /* CircleGradient.swift in Sources */ = {isa = PBXBuildFile; fileRef = 08624D82251BFD4C0050F5FC /* CircleGradient.swift */; };
		0867B51425101E2000A5109D /* SeachVC.swift in Sources */ = {isa = PBXBuildFile; fileRef = 0867B51225101E2000A5109D /* SeachVC.swift */; };
		0867B51525101E2000A5109D /* SeachVC.xib in Resources */ = {isa = PBXBuildFile; fileRef = 0867B51325101E2000A5109D /* SeachVC.xib */; };
		0867B51A25110CD500A5109D /* SearchCell.swift in Sources */ = {isa = PBXBuildFile; fileRef = 0867B51825110CD500A5109D /* SearchCell.swift */; };
		0867B51B25110CD500A5109D /* SearchCell.xib in Resources */ = {isa = PBXBuildFile; fileRef = 0867B51925110CD500A5109D /* SearchCell.xib */; };
		0867B51D25112E5100A5109D /* BeerSearchEndpoint.swift in Sources */ = {isa = PBXBuildFile; fileRef = 0867B51C25112E5100A5109D /* BeerSearchEndpoint.swift */; };
		08862E03250D396400384212 /* AppDelegate.swift in Sources */ = {isa = PBXBuildFile; fileRef = 08862E02250D396400384212 /* AppDelegate.swift */; };
		08862E05250D396400384212 /* SceneDelegate.swift in Sources */ = {isa = PBXBuildFile; fileRef = 08862E04250D396400384212 /* SceneDelegate.swift */; };
		08862E07250D396400384212 /* MainMenu.swift in Sources */ = {isa = PBXBuildFile; fileRef = 08862E06250D396400384212 /* MainMenu.swift */; };
		08862E09250D396400384212 /* Settings.swift in Sources */ = {isa = PBXBuildFile; fileRef = 08862E08250D396400384212 /* Settings.swift */; };
		08862E0C250D396400384212 /* Main.storyboard in Resources */ = {isa = PBXBuildFile; fileRef = 08862E0A250D396400384212 /* Main.storyboard */; };
		08862E0F250D396400384212 /* Ios_Demonstrations.xcdatamodeld in Sources */ = {isa = PBXBuildFile; fileRef = 08862E0D250D396400384212 /* Ios_Demonstrations.xcdatamodeld */; };
		08862E11250D396700384212 /* Assets.xcassets in Resources */ = {isa = PBXBuildFile; fileRef = 08862E10250D396700384212 /* Assets.xcassets */; };
		08862E14250D396700384212 /* LaunchScreen.storyboard in Resources */ = {isa = PBXBuildFile; fileRef = 08862E12250D396700384212 /* LaunchScreen.storyboard */; };
		08862E1F250D396800384212 /* Ios_DemonstrationsTests.swift in Sources */ = {isa = PBXBuildFile; fileRef = 08862E1E250D396800384212 /* Ios_DemonstrationsTests.swift */; };
		08862E2A250D396800384212 /* Ios_DemonstrationsUITests.swift in Sources */ = {isa = PBXBuildFile; fileRef = 08862E29250D396800384212 /* Ios_DemonstrationsUITests.swift */; };
		08862E3C250D3CFC00384212 /* UILabelX.swift in Sources */ = {isa = PBXBuildFile; fileRef = 08862E39250D3CFC00384212 /* UILabelX.swift */; };
		08862E3D250D3CFC00384212 /* CurvedLabel.m in Sources */ = {isa = PBXBuildFile; fileRef = 08862E3A250D3CFC00384212 /* CurvedLabel.m */; };
		08862E3E250D3CFC00384212 /* KCRotaryWheel.swift in Sources */ = {isa = PBXBuildFile; fileRef = 08862E3B250D3CFC00384212 /* KCRotaryWheel.swift */; };
		08862E45250D41CF00384212 /* UIColor+hex.m in Sources */ = {isa = PBXBuildFile; fileRef = 08862E43250D41CF00384212 /* UIColor+hex.m */; };
		088AB295251D0E160013BC17 /* AdvanceSearchRxExtension.swift in Sources */ = {isa = PBXBuildFile; fileRef = 088AB294251D0E160013BC17 /* AdvanceSearchRxExtension.swift */; };
		088AB29A251D0F790013BC17 /* FoodSearch.swift in Sources */ = {isa = PBXBuildFile; fileRef = 088AB299251D0F790013BC17 /* FoodSearch.swift */; };
		088AB29F251D11BF0013BC17 /* FoodQueryResult.swift in Sources */ = {isa = PBXBuildFile; fileRef = 088AB29E251D11BF0013BC17 /* FoodQueryResult.swift */; };
		088AB2A4251D126E0013BC17 /* SimpleRecipe.swift in Sources */ = {isa = PBXBuildFile; fileRef = 088AB2A3251D126E0013BC17 /* SimpleRecipe.swift */; };
		088AB2AA251D16A10013BC17 /* SearchCollectionViewCell.swift in Sources */ = {isa = PBXBuildFile; fileRef = 088AB2A8251D16A10013BC17 /* SearchCollectionViewCell.swift */; };
		088AB2AB251D16A10013BC17 /* SearchCollectionViewCell.xib in Resources */ = {isa = PBXBuildFile; fileRef = 088AB2A9251D16A10013BC17 /* SearchCollectionViewCell.xib */; };
		08AA0B502512804B0051775F /* Hop.swift in Sources */ = {isa = PBXBuildFile; fileRef = 08AA0B472512804B0051775F /* Hop.swift */; };
		08AA0B512512804B0051775F /* Amount.swift in Sources */ = {isa = PBXBuildFile; fileRef = 08AA0B482512804B0051775F /* Amount.swift */; };
		08AA0B522512804B0051775F /* Fermentation.swift in Sources */ = {isa = PBXBuildFile; fileRef = 08AA0B492512804B0051775F /* Fermentation.swift */; };
		08AA0B532512804B0051775F /* MashTemp.swift in Sources */ = {isa = PBXBuildFile; fileRef = 08AA0B4A2512804B0051775F /* MashTemp.swift */; };
		08AA0B542512804B0051775F /* BoilVolume.swift in Sources */ = {isa = PBXBuildFile; fileRef = 08AA0B4B2512804B0051775F /* BoilVolume.swift */; };
		08AA0B552512804B0051775F /* Malt.swift in Sources */ = {isa = PBXBuildFile; fileRef = 08AA0B4C2512804B0051775F /* Malt.swift */; };
		08AA0B562512804B0051775F /* Method.swift in Sources */ = {isa = PBXBuildFile; fileRef = 08AA0B4D2512804B0051775F /* Method.swift */; };
		08AA0B572512804B0051775F /* Ingredient.swift in Sources */ = {isa = PBXBuildFile; fileRef = 08AA0B4E2512804B0051775F /* Ingredient.swift */; };
		08AA0B582512804B0051775F /* Beer.swift in Sources */ = {isa = PBXBuildFile; fileRef = 08AA0B4F2512804B0051775F /* Beer.swift */; };
		E23FEBE09DE6C9B945A6EB24 /* Pods_Ios_Demonstrations.framework in Frameworks */ = {isa = PBXBuildFile; fileRef = D1A7EA1CA528560A9E39744A /* Pods_Ios_Demonstrations.framework */; };
/* End PBXBuildFile section */

/* Begin PBXContainerItemProxy section */
		08862E1B250D396800384212 /* PBXContainerItemProxy */ = {
			isa = PBXContainerItemProxy;
			containerPortal = 08862DF7250D396400384212 /* Project object */;
			proxyType = 1;
			remoteGlobalIDString = 08862DFE250D396400384212;
			remoteInfo = "Ios Demonstrations";
		};
		08862E26250D396800384212 /* PBXContainerItemProxy */ = {
			isa = PBXContainerItemProxy;
			containerPortal = 08862DF7250D396400384212 /* Project object */;
			proxyType = 1;
			remoteGlobalIDString = 08862DFE250D396400384212;
			remoteInfo = "Ios Demonstrations";
		};
/* End PBXContainerItemProxy section */

/* Begin PBXFileReference section */
		08624D4D251942E70050F5FC /* BeerViewer.swift */ = {isa = PBXFileReference; lastKnownFileType = sourcecode.swift; path = BeerViewer.swift; sourceTree = "<group>"; };
		08624D4E251942E70050F5FC /* BeerViewer.xib */ = {isa = PBXFileReference; lastKnownFileType = file.xib; path = BeerViewer.xib; sourceTree = "<group>"; };
		08624D59251A47C90050F5FC /* AdvancedSearchViewController.m */ = {isa = PBXFileReference; fileEncoding = 4; lastKnownFileType = sourcecode.c.objc; path = AdvancedSearchViewController.m; sourceTree = "<group>"; };
		08624D5A251A47C90050F5FC /* AdvancedSearchSectionTitle.m */ = {isa = PBXFileReference; fileEncoding = 4; lastKnownFileType = sourcecode.c.objc; path = AdvancedSearchSectionTitle.m; sourceTree = "<group>"; };
		08624D5B251A47C90050F5FC /* AdvancedSearchViewController.xib */ = {isa = PBXFileReference; fileEncoding = 4; lastKnownFileType = file.xib; path = AdvancedSearchViewController.xib; sourceTree = "<group>"; };
		08624D5C251A47C90050F5FC /* AdvancedSearchSectionTitle.xib */ = {isa = PBXFileReference; fileEncoding = 4; lastKnownFileType = file.xib; path = AdvancedSearchSectionTitle.xib; sourceTree = "<group>"; };
		08624D5D251A47C90050F5FC /* AdvancedSearchViewController.h */ = {isa = PBXFileReference; fileEncoding = 4; lastKnownFileType = sourcecode.c.h; path = AdvancedSearchViewController.h; sourceTree = "<group>"; };
		08624D5E251A47C90050F5FC /* AdvancedSearchSectionTitle.h */ = {isa = PBXFileReference; fileEncoding = 4; lastKnownFileType = sourcecode.c.h; path = AdvancedSearchSectionTitle.h; sourceTree = "<group>"; };
		08624D66251A48230050F5FC /* mediaTagCell.xib */ = {isa = PBXFileReference; fileEncoding = 4; lastKnownFileType = file.xib; path = mediaTagCell.xib; sourceTree = "<group>"; };
		08624D67251A48230050F5FC /* mediaTagCell.h */ = {isa = PBXFileReference; fileEncoding = 4; lastKnownFileType = sourcecode.c.h; path = mediaTagCell.h; sourceTree = "<group>"; };
		08624D68251A48230050F5FC /* mediaTagCell.m */ = {isa = PBXFileReference; fileEncoding = 4; lastKnownFileType = sourcecode.c.objc; path = mediaTagCell.m; sourceTree = "<group>"; };
		08624D6E251A4A5B0050F5FC /* SearchTag.swift */ = {isa = PBXFileReference; lastKnownFileType = sourcecode.swift; path = SearchTag.swift; sourceTree = "<group>"; };
		08624D82251BFD4C0050F5FC /* CircleGradient.swift */ = {isa = PBXFileReference; lastKnownFileType = sourcecode.swift; path = CircleGradient.swift; sourceTree = "<group>"; };
		0867B51225101E2000A5109D /* SeachVC.swift */ = {isa = PBXFileReference; lastKnownFileType = sourcecode.swift; path = SeachVC.swift; sourceTree = "<group>"; };
		0867B51325101E2000A5109D /* SeachVC.xib */ = {isa = PBXFileReference; lastKnownFileType = file.xib; path = SeachVC.xib; sourceTree = "<group>"; };
		0867B51825110CD500A5109D /* SearchCell.swift */ = {isa = PBXFileReference; lastKnownFileType = sourcecode.swift; path = SearchCell.swift; sourceTree = "<group>"; };
		0867B51925110CD500A5109D /* SearchCell.xib */ = {isa = PBXFileReference; lastKnownFileType = file.xib; path = SearchCell.xib; sourceTree = "<group>"; };
		0867B51C25112E5100A5109D /* BeerSearchEndpoint.swift */ = {isa = PBXFileReference; lastKnownFileType = sourcecode.swift; path = BeerSearchEndpoint.swift; sourceTree = "<group>"; };
		08862DFF250D396400384212 /* Ios Demonstrations.app */ = {isa = PBXFileReference; explicitFileType = wrapper.application; includeInIndex = 0; path = "Ios Demonstrations.app"; sourceTree = BUILT_PRODUCTS_DIR; };
		08862E02250D396400384212 /* AppDelegate.swift */ = {isa = PBXFileReference; lastKnownFileType = sourcecode.swift; path = AppDelegate.swift; sourceTree = "<group>"; };
		08862E04250D396400384212 /* SceneDelegate.swift */ = {isa = PBXFileReference; lastKnownFileType = sourcecode.swift; path = SceneDelegate.swift; sourceTree = "<group>"; };
		08862E06250D396400384212 /* MainMenu.swift */ = {isa = PBXFileReference; lastKnownFileType = sourcecode.swift; path = MainMenu.swift; sourceTree = "<group>"; };
		08862E08250D396400384212 /* Settings.swift */ = {isa = PBXFileReference; lastKnownFileType = sourcecode.swift; path = Settings.swift; sourceTree = "<group>"; };
		08862E0B250D396400384212 /* Base */ = {isa = PBXFileReference; lastKnownFileType = file.storyboard; name = Base; path = Base.lproj/Main.storyboard; sourceTree = "<group>"; };
		08862E0E250D396400384212 /* Ios_Demonstrations.xcdatamodel */ = {isa = PBXFileReference; lastKnownFileType = wrapper.xcdatamodel; path = Ios_Demonstrations.xcdatamodel; sourceTree = "<group>"; };
		08862E10250D396700384212 /* Assets.xcassets */ = {isa = PBXFileReference; lastKnownFileType = folder.assetcatalog; path = Assets.xcassets; sourceTree = "<group>"; };
		08862E13250D396700384212 /* Base */ = {isa = PBXFileReference; lastKnownFileType = file.storyboard; name = Base; path = Base.lproj/LaunchScreen.storyboard; sourceTree = "<group>"; };
		08862E15250D396700384212 /* Info.plist */ = {isa = PBXFileReference; lastKnownFileType = text.plist.xml; path = Info.plist; sourceTree = "<group>"; };
		08862E1A250D396800384212 /* Ios DemonstrationsTests.xctest */ = {isa = PBXFileReference; explicitFileType = wrapper.cfbundle; includeInIndex = 0; path = "Ios DemonstrationsTests.xctest"; sourceTree = BUILT_PRODUCTS_DIR; };
		08862E1E250D396800384212 /* Ios_DemonstrationsTests.swift */ = {isa = PBXFileReference; lastKnownFileType = sourcecode.swift; path = Ios_DemonstrationsTests.swift; sourceTree = "<group>"; };
		08862E20250D396800384212 /* Info.plist */ = {isa = PBXFileReference; lastKnownFileType = text.plist.xml; path = Info.plist; sourceTree = "<group>"; };
		08862E25250D396800384212 /* Ios DemonstrationsUITests.xctest */ = {isa = PBXFileReference; explicitFileType = wrapper.cfbundle; includeInIndex = 0; path = "Ios DemonstrationsUITests.xctest"; sourceTree = BUILT_PRODUCTS_DIR; };
		08862E29250D396800384212 /* Ios_DemonstrationsUITests.swift */ = {isa = PBXFileReference; lastKnownFileType = sourcecode.swift; path = Ios_DemonstrationsUITests.swift; sourceTree = "<group>"; };
		08862E2B250D396800384212 /* Info.plist */ = {isa = PBXFileReference; lastKnownFileType = text.plist.xml; path = Info.plist; sourceTree = "<group>"; };
		08862E38250D3CFC00384212 /* CurvedLabel.h */ = {isa = PBXFileReference; fileEncoding = 4; lastKnownFileType = sourcecode.c.h; path = CurvedLabel.h; sourceTree = "<group>"; };
		08862E39250D3CFC00384212 /* UILabelX.swift */ = {isa = PBXFileReference; fileEncoding = 4; lastKnownFileType = sourcecode.swift; path = UILabelX.swift; sourceTree = "<group>"; };
		08862E3A250D3CFC00384212 /* CurvedLabel.m */ = {isa = PBXFileReference; fileEncoding = 4; lastKnownFileType = sourcecode.c.objc; path = CurvedLabel.m; sourceTree = "<group>"; };
		08862E3B250D3CFC00384212 /* KCRotaryWheel.swift */ = {isa = PBXFileReference; fileEncoding = 4; lastKnownFileType = sourcecode.swift; path = KCRotaryWheel.swift; sourceTree = "<group>"; };
		08862E3F250D3DDD00384212 /* KCRotaryProtocol.h */ = {isa = PBXFileReference; fileEncoding = 4; lastKnownFileType = sourcecode.c.h; path = KCRotaryProtocol.h; sourceTree = "<group>"; };
		08862E41250D406400384212 /* SwiftBridge.h */ = {isa = PBXFileReference; fileEncoding = 4; lastKnownFileType = sourcecode.c.h; path = SwiftBridge.h; sourceTree = "<group>"; };
		08862E43250D41CF00384212 /* UIColor+hex.m */ = {isa = PBXFileReference; fileEncoding = 4; lastKnownFileType = sourcecode.c.objc; path = "UIColor+hex.m"; sourceTree = "<group>"; };
		08862E44250D41CF00384212 /* UIColor+hex.h */ = {isa = PBXFileReference; fileEncoding = 4; lastKnownFileType = sourcecode.c.h; path = "UIColor+hex.h"; sourceTree = "<group>"; };
		088AB294251D0E160013BC17 /* AdvanceSearchRxExtension.swift */ = {isa = PBXFileReference; lastKnownFileType = sourcecode.swift; path = AdvanceSearchRxExtension.swift; sourceTree = "<group>"; };
		088AB299251D0F790013BC17 /* FoodSearch.swift */ = {isa = PBXFileReference; lastKnownFileType = sourcecode.swift; path = FoodSearch.swift; sourceTree = "<group>"; };
		088AB29E251D11BF0013BC17 /* FoodQueryResult.swift */ = {isa = PBXFileReference; lastKnownFileType = sourcecode.swift; path = FoodQueryResult.swift; sourceTree = "<group>"; };
		088AB2A3251D126E0013BC17 /* SimpleRecipe.swift */ = {isa = PBXFileReference; lastKnownFileType = sourcecode.swift; path = SimpleRecipe.swift; sourceTree = "<group>"; };
		088AB2A8251D16A10013BC17 /* SearchCollectionViewCell.swift */ = {isa = PBXFileReference; lastKnownFileType = sourcecode.swift; path = SearchCollectionViewCell.swift; sourceTree = "<group>"; };
		088AB2A9251D16A10013BC17 /* SearchCollectionViewCell.xib */ = {isa = PBXFileReference; lastKnownFileType = file.xib; path = SearchCollectionViewCell.xib; sourceTree = "<group>"; };
		08AA0B472512804B0051775F /* Hop.swift */ = {isa = PBXFileReference; fileEncoding = 4; lastKnownFileType = sourcecode.swift; path = Hop.swift; sourceTree = "<group>"; };
		08AA0B482512804B0051775F /* Amount.swift */ = {isa = PBXFileReference; fileEncoding = 4; lastKnownFileType = sourcecode.swift; path = Amount.swift; sourceTree = "<group>"; };
		08AA0B492512804B0051775F /* Fermentation.swift */ = {isa = PBXFileReference; fileEncoding = 4; lastKnownFileType = sourcecode.swift; path = Fermentation.swift; sourceTree = "<group>"; };
		08AA0B4A2512804B0051775F /* MashTemp.swift */ = {isa = PBXFileReference; fileEncoding = 4; lastKnownFileType = sourcecode.swift; path = MashTemp.swift; sourceTree = "<group>"; };
		08AA0B4B2512804B0051775F /* BoilVolume.swift */ = {isa = PBXFileReference; fileEncoding = 4; lastKnownFileType = sourcecode.swift; path = BoilVolume.swift; sourceTree = "<group>"; };
		08AA0B4C2512804B0051775F /* Malt.swift */ = {isa = PBXFileReference; fileEncoding = 4; lastKnownFileType = sourcecode.swift; path = Malt.swift; sourceTree = "<group>"; };
		08AA0B4D2512804B0051775F /* Method.swift */ = {isa = PBXFileReference; fileEncoding = 4; lastKnownFileType = sourcecode.swift; path = Method.swift; sourceTree = "<group>"; };
		08AA0B4E2512804B0051775F /* Ingredient.swift */ = {isa = PBXFileReference; fileEncoding = 4; lastKnownFileType = sourcecode.swift; path = Ingredient.swift; sourceTree = "<group>"; };
		08AA0B4F2512804B0051775F /* Beer.swift */ = {isa = PBXFileReference; fileEncoding = 4; lastKnownFileType = sourcecode.swift; path = Beer.swift; sourceTree = "<group>"; };
		C636F44B54C398B9D0927911 /* Pods-Ios Demonstrations.release.xcconfig */ = {isa = PBXFileReference; includeInIndex = 1; lastKnownFileType = text.xcconfig; name = "Pods-Ios Demonstrations.release.xcconfig"; path = "Target Support Files/Pods-Ios Demonstrations/Pods-Ios Demonstrations.release.xcconfig"; sourceTree = "<group>"; };
		D1A7EA1CA528560A9E39744A /* Pods_Ios_Demonstrations.framework */ = {isa = PBXFileReference; explicitFileType = wrapper.framework; includeInIndex = 0; path = Pods_Ios_Demonstrations.framework; sourceTree = BUILT_PRODUCTS_DIR; };
		EE10EC4A882FC956EC238BBC /* Pods-Ios Demonstrations.debug.xcconfig */ = {isa = PBXFileReference; includeInIndex = 1; lastKnownFileType = text.xcconfig; name = "Pods-Ios Demonstrations.debug.xcconfig"; path = "Target Support Files/Pods-Ios Demonstrations/Pods-Ios Demonstrations.debug.xcconfig"; sourceTree = "<group>"; };
/* End PBXFileReference section */

/* Begin PBXFrameworksBuildPhase section */
		08862DFC250D396400384212 /* Frameworks */ = {
			isa = PBXFrameworksBuildPhase;
			buildActionMask = 2147483647;
			files = (
				E23FEBE09DE6C9B945A6EB24 /* Pods_Ios_Demonstrations.framework in Frameworks */,
			);
			runOnlyForDeploymentPostprocessing = 0;
		};
		08862E17250D396800384212 /* Frameworks */ = {
			isa = PBXFrameworksBuildPhase;
			buildActionMask = 2147483647;
			files = (
			);
			runOnlyForDeploymentPostprocessing = 0;
		};
		08862E22250D396800384212 /* Frameworks */ = {
			isa = PBXFrameworksBuildPhase;
			buildActionMask = 2147483647;
			files = (
			);
			runOnlyForDeploymentPostprocessing = 0;
		};
/* End PBXFrameworksBuildPhase section */

/* Begin PBXGroup section */
		083736C8251002DF0057C87E /* BeerSearch */ = {
			isa = PBXGroup;
			children = (
				0867B51225101E2000A5109D /* SeachVC.swift */,
				08AA0B462512804B0051775F /* models */,
				0867B51325101E2000A5109D /* SeachVC.xib */,
				0867B51C25112E5100A5109D /* BeerSearchEndpoint.swift */,
				08624D4D251942E70050F5FC /* BeerViewer.swift */,
				08624D4E251942E70050F5FC /* BeerViewer.xib */,
				0867B51825110CD500A5109D /* SearchCell.swift */,
				0867B51925110CD500A5109D /* SearchCell.xib */,
			);
			path = BeerSearch;
			sourceTree = "<group>";
		};
		08624D58251A47C90050F5FC /* FoodSearch */ = {
			isa = PBXGroup;
			children = (
				08624D59251A47C90050F5FC /* AdvancedSearchViewController.m */,
				088AB2A8251D16A10013BC17 /* SearchCollectionViewCell.swift */,
				088AB2A9251D16A10013BC17 /* SearchCollectionViewCell.xib */,
				088AB294251D0E160013BC17 /* AdvanceSearchRxExtension.swift */,
				088AB29E251D11BF0013BC17 /* FoodQueryResult.swift */,
				08624D5A251A47C90050F5FC /* AdvancedSearchSectionTitle.m */,
				088AB2A3251D126E0013BC17 /* SimpleRecipe.swift */,
				088AB299251D0F790013BC17 /* FoodSearch.swift */,
				08624D5B251A47C90050F5FC /* AdvancedSearchViewController.xib */,
				08624D5C251A47C90050F5FC /* AdvancedSearchSectionTitle.xib */,
				08624D67251A48230050F5FC /* mediaTagCell.h */,
				08624D68251A48230050F5FC /* mediaTagCell.m */,
				08624D6E251A4A5B0050F5FC /* SearchTag.swift */,
				08624D66251A48230050F5FC /* mediaTagCell.xib */,
				08624D5D251A47C90050F5FC /* AdvancedSearchViewController.h */,
				08624D5E251A47C90050F5FC /* AdvancedSearchSectionTitle.h */,
			);
			path = FoodSearch;
			sourceTree = "<group>";
		};
		08862DF6250D396400384212 = {
			isa = PBXGroup;
			children = (
				08862E41250D406400384212 /* SwiftBridge.h */,
				08862E01250D396400384212 /* Ios Demonstrations */,
				08862E1D250D396800384212 /* Ios DemonstrationsTests */,
				08862E28250D396800384212 /* Ios DemonstrationsUITests */,
				08862E00250D396400384212 /* Products */,
				71C5BEDC6318C3ABE5C9DC28 /* Pods */,
				3ECF9AE0E28287EB9AAA1AB6 /* Frameworks */,
			);
			sourceTree = "<group>";
		};
		08862E00250D396400384212 /* Products */ = {
			isa = PBXGroup;
			children = (
				08862DFF250D396400384212 /* Ios Demonstrations.app */,
				08862E1A250D396800384212 /* Ios DemonstrationsTests.xctest */,
				08862E25250D396800384212 /* Ios DemonstrationsUITests.xctest */,
			);
			name = Products;
			sourceTree = "<group>";
		};
		08862E01250D396400384212 /* Ios Demonstrations */ = {
			isa = PBXGroup;
			children = (
				08862E02250D396400384212 /* AppDelegate.swift */,
				08862E04250D396400384212 /* SceneDelegate.swift */,
				08862E06250D396400384212 /* MainMenu.swift */,
				08624D82251BFD4C0050F5FC /* CircleGradient.swift */,
				08624D58251A47C90050F5FC /* FoodSearch */,
				08862E08250D396400384212 /* Settings.swift */,
				083736C8251002DF0057C87E /* BeerSearch */,
				08862E42250D41CF00384212 /* Resources */,
				08862E37250D3CFC00384212 /* Wheel */,
				08862E0A250D396400384212 /* Main.storyboard */,
				08862E10250D396700384212 /* Assets.xcassets */,
				08862E12250D396700384212 /* LaunchScreen.storyboard */,
				08862E15250D396700384212 /* Info.plist */,
				08862E0D250D396400384212 /* Ios_Demonstrations.xcdatamodeld */,
			);
			path = "Ios Demonstrations";
			sourceTree = "<group>";
		};
		08862E1D250D396800384212 /* Ios DemonstrationsTests */ = {
			isa = PBXGroup;
			children = (
				08862E1E250D396800384212 /* Ios_DemonstrationsTests.swift */,
				08862E20250D396800384212 /* Info.plist */,
			);
			path = "Ios DemonstrationsTests";
			sourceTree = "<group>";
		};
		08862E28250D396800384212 /* Ios DemonstrationsUITests */ = {
			isa = PBXGroup;
			children = (
				08862E29250D396800384212 /* Ios_DemonstrationsUITests.swift */,
				08862E2B250D396800384212 /* Info.plist */,
			);
			path = "Ios DemonstrationsUITests";
			sourceTree = "<group>";
		};
		08862E37250D3CFC00384212 /* Wheel */ = {
			isa = PBXGroup;
			children = (
				08862E38250D3CFC00384212 /* CurvedLabel.h */,
				08862E3F250D3DDD00384212 /* KCRotaryProtocol.h */,
				08862E39250D3CFC00384212 /* UILabelX.swift */,
				08862E3A250D3CFC00384212 /* CurvedLabel.m */,
				08862E3B250D3CFC00384212 /* KCRotaryWheel.swift */,
			);
			path = Wheel;
			sourceTree = "<group>";
		};
		08862E42250D41CF00384212 /* Resources */ = {
			isa = PBXGroup;
			children = (
				08862E43250D41CF00384212 /* UIColor+hex.m */,
				08862E44250D41CF00384212 /* UIColor+hex.h */,
			);
			path = Resources;
			sourceTree = "<group>";
		};
		08AA0B462512804B0051775F /* models */ = {
			isa = PBXGroup;
			children = (
				08AA0B472512804B0051775F /* Hop.swift */,
				08AA0B482512804B0051775F /* Amount.swift */,
				08AA0B492512804B0051775F /* Fermentation.swift */,
				08AA0B4A2512804B0051775F /* MashTemp.swift */,
				08AA0B4B2512804B0051775F /* BoilVolume.swift */,
				08AA0B4C2512804B0051775F /* Malt.swift */,
				08AA0B4D2512804B0051775F /* Method.swift */,
				08AA0B4E2512804B0051775F /* Ingredient.swift */,
				08AA0B4F2512804B0051775F /* Beer.swift */,
			);
			path = models;
			sourceTree = "<group>";
		};
		3ECF9AE0E28287EB9AAA1AB6 /* Frameworks */ = {
			isa = PBXGroup;
			children = (
				D1A7EA1CA528560A9E39744A /* Pods_Ios_Demonstrations.framework */,
			);
			name = Frameworks;
			sourceTree = "<group>";
		};
		71C5BEDC6318C3ABE5C9DC28 /* Pods */ = {
			isa = PBXGroup;
			children = (
				EE10EC4A882FC956EC238BBC /* Pods-Ios Demonstrations.debug.xcconfig */,
				C636F44B54C398B9D0927911 /* Pods-Ios Demonstrations.release.xcconfig */,
			);
			path = Pods;
			sourceTree = "<group>";
		};
/* End PBXGroup section */

/* Begin PBXNativeTarget section */
		08862DFE250D396400384212 /* Ios Demonstrations */ = {
			isa = PBXNativeTarget;
			buildConfigurationList = 08862E2E250D396800384212 /* Build configuration list for PBXNativeTarget "Ios Demonstrations" */;
			buildPhases = (
				0EFC2D325B0E995BFBA78933 /* [CP] Check Pods Manifest.lock */,
				08862DFB250D396400384212 /* Sources */,
				08862DFC250D396400384212 /* Frameworks */,
				08862DFD250D396400384212 /* Resources */,
				AC5770E583DAF4EF2BDD5079 /* [CP] Embed Pods Frameworks */,
			);
			buildRules = (
			);
			dependencies = (
			);
			name = "Ios Demonstrations";
			productName = "Ios Demonstrations";
			productReference = 08862DFF250D396400384212 /* Ios Demonstrations.app */;
			productType = "com.apple.product-type.application";
		};
		08862E19250D396800384212 /* Ios DemonstrationsTests */ = {
			isa = PBXNativeTarget;
			buildConfigurationList = 08862E31250D396800384212 /* Build configuration list for PBXNativeTarget "Ios DemonstrationsTests" */;
			buildPhases = (
				08862E16250D396800384212 /* Sources */,
				08862E17250D396800384212 /* Frameworks */,
				08862E18250D396800384212 /* Resources */,
			);
			buildRules = (
			);
			dependencies = (
				08862E1C250D396800384212 /* PBXTargetDependency */,
			);
			name = "Ios DemonstrationsTests";
			productName = "Ios DemonstrationsTests";
			productReference = 08862E1A250D396800384212 /* Ios DemonstrationsTests.xctest */;
			productType = "com.apple.product-type.bundle.unit-test";
		};
		08862E24250D396800384212 /* Ios DemonstrationsUITests */ = {
			isa = PBXNativeTarget;
			buildConfigurationList = 08862E34250D396800384212 /* Build configuration list for PBXNativeTarget "Ios DemonstrationsUITests" */;
			buildPhases = (
				08862E21250D396800384212 /* Sources */,
				08862E22250D396800384212 /* Frameworks */,
				08862E23250D396800384212 /* Resources */,
			);
			buildRules = (
			);
			dependencies = (
				08862E27250D396800384212 /* PBXTargetDependency */,
			);
			name = "Ios DemonstrationsUITests";
			productName = "Ios DemonstrationsUITests";
			productReference = 08862E25250D396800384212 /* Ios DemonstrationsUITests.xctest */;
			productType = "com.apple.product-type.bundle.ui-testing";
		};
/* End PBXNativeTarget section */

/* Begin PBXProject section */
		08862DF7250D396400384212 /* Project object */ = {
			isa = PBXProject;
			attributes = {
				LastSwiftUpdateCheck = 1170;
				LastUpgradeCheck = 1170;
				ORGANIZATIONNAME = "Nathan Walsh";
				TargetAttributes = {
					08862DFE250D396400384212 = {
						CreatedOnToolsVersion = 11.7;
					};
					08862E19250D396800384212 = {
						CreatedOnToolsVersion = 11.7;
						TestTargetID = 08862DFE250D396400384212;
					};
					08862E24250D396800384212 = {
						CreatedOnToolsVersion = 11.7;
						TestTargetID = 08862DFE250D396400384212;
					};
				};
			};
			buildConfigurationList = 08862DFA250D396400384212 /* Build configuration list for PBXProject "Ios Demonstrations" */;
			compatibilityVersion = "Xcode 9.3";
			developmentRegion = en;
			hasScannedForEncodings = 0;
			knownRegions = (
				en,
				Base,
			);
			mainGroup = 08862DF6250D396400384212;
			productRefGroup = 08862E00250D396400384212 /* Products */;
			projectDirPath = "";
			projectRoot = "";
			targets = (
				08862DFE250D396400384212 /* Ios Demonstrations */,
				08862E19250D396800384212 /* Ios DemonstrationsTests */,
				08862E24250D396800384212 /* Ios DemonstrationsUITests */,
			);
		};
/* End PBXProject section */

/* Begin PBXResourcesBuildPhase section */
		08862DFD250D396400384212 /* Resources */ = {
			isa = PBXResourcesBuildPhase;
			buildActionMask = 2147483647;
			files = (
				0867B51B25110CD500A5109D /* SearchCell.xib in Resources */,
				08862E14250D396700384212 /* LaunchScreen.storyboard in Resources */,
				088AB2AB251D16A10013BC17 /* SearchCollectionViewCell.xib in Resources */,
				08624D62251A47C90050F5FC /* AdvancedSearchSectionTitle.xib in Resources */,
				08624D69251A48230050F5FC /* mediaTagCell.xib in Resources */,
				0867B51525101E2000A5109D /* SeachVC.xib in Resources */,
				08624D61251A47C90050F5FC /* AdvancedSearchViewController.xib in Resources */,
				08624D50251942E70050F5FC /* BeerViewer.xib in Resources */,
				08862E11250D396700384212 /* Assets.xcassets in Resources */,
				08862E0C250D396400384212 /* Main.storyboard in Resources */,
			);
			runOnlyForDeploymentPostprocessing = 0;
		};
		08862E18250D396800384212 /* Resources */ = {
			isa = PBXResourcesBuildPhase;
			buildActionMask = 2147483647;
			files = (
			);
			runOnlyForDeploymentPostprocessing = 0;
		};
		08862E23250D396800384212 /* Resources */ = {
			isa = PBXResourcesBuildPhase;
			buildActionMask = 2147483647;
			files = (
			);
			runOnlyForDeploymentPostprocessing = 0;
		};
/* End PBXResourcesBuildPhase section */

/* Begin PBXShellScriptBuildPhase section */
		0EFC2D325B0E995BFBA78933 /* [CP] Check Pods Manifest.lock */ = {
			isa = PBXShellScriptBuildPhase;
			buildActionMask = 2147483647;
			files = (
			);
			inputFileListPaths = (
			);
			inputPaths = (
				"${PODS_PODFILE_DIR_PATH}/Podfile.lock",
				"${PODS_ROOT}/Manifest.lock",
			);
			name = "[CP] Check Pods Manifest.lock";
			outputFileListPaths = (
			);
			outputPaths = (
				"$(DERIVED_FILE_DIR)/Pods-Ios Demonstrations-checkManifestLockResult.txt",
			);
			runOnlyForDeploymentPostprocessing = 0;
			shellPath = /bin/sh;
			shellScript = "diff \"${PODS_PODFILE_DIR_PATH}/Podfile.lock\" \"${PODS_ROOT}/Manifest.lock\" > /dev/null\nif [ $? != 0 ] ; then\n    # print error to STDERR\n    echo \"error: The sandbox is not in sync with the Podfile.lock. Run 'pod install' or update your CocoaPods installation.\" >&2\n    exit 1\nfi\n# This output is used by Xcode 'outputs' to avoid re-running this script phase.\necho \"SUCCESS\" > \"${SCRIPT_OUTPUT_FILE_0}\"\n";
			showEnvVarsInLog = 0;
		};
		AC5770E583DAF4EF2BDD5079 /* [CP] Embed Pods Frameworks */ = {
			isa = PBXShellScriptBuildPhase;
			buildActionMask = 2147483647;
			files = (
			);
			inputFileListPaths = (
				"${PODS_ROOT}/Target Support Files/Pods-Ios Demonstrations/Pods-Ios Demonstrations-frameworks-${CONFIGURATION}-input-files.xcfilelist",
			);
			name = "[CP] Embed Pods Frameworks";
			outputFileListPaths = (
				"${PODS_ROOT}/Target Support Files/Pods-Ios Demonstrations/Pods-Ios Demonstrations-frameworks-${CONFIGURATION}-output-files.xcfilelist",
			);
			runOnlyForDeploymentPostprocessing = 0;
			shellPath = /bin/sh;
			shellScript = "\"${PODS_ROOT}/Target Support Files/Pods-Ios Demonstrations/Pods-Ios Demonstrations-frameworks.sh\"\n";
			showEnvVarsInLog = 0;
		};
/* End PBXShellScriptBuildPhase section */

/* Begin PBXSourcesBuildPhase section */
		08862DFB250D396400384212 /* Sources */ = {
			isa = PBXSourcesBuildPhase;
			buildActionMask = 2147483647;
			files = (
				08862E09250D396400384212 /* Settings.swift in Sources */,
				088AB29A251D0F790013BC17 /* FoodSearch.swift in Sources */,
				0867B51A25110CD500A5109D /* SearchCell.swift in Sources */,
				08624D60251A47C90050F5FC /* AdvancedSearchSectionTitle.m in Sources */,
				08862E45250D41CF00384212 /* UIColor+hex.m in Sources */,
				08624D4F251942E70050F5FC /* BeerViewer.swift in Sources */,
				08AA0B512512804B0051775F /* Amount.swift in Sources */,
				0867B51D25112E5100A5109D /* BeerSearchEndpoint.swift in Sources */,
				08862E0F250D396400384212 /* Ios_Demonstrations.xcdatamodeld in Sources */,
				088AB2A4251D126E0013BC17 /* SimpleRecipe.swift in Sources */,
				088AB295251D0E160013BC17 /* AdvanceSearchRxExtension.swift in Sources */,
				08862E3E250D3CFC00384212 /* KCRotaryWheel.swift in Sources */,
				08862E07250D396400384212 /* MainMenu.swift in Sources */,
				08AA0B532512804B0051775F /* MashTemp.swift in Sources */,
				08AA0B542512804B0051775F /* BoilVolume.swift in Sources */,
				08AA0B562512804B0051775F /* Method.swift in Sources */,
				08862E3C250D3CFC00384212 /* UILabelX.swift in Sources */,
				08AA0B572512804B0051775F /* Ingredient.swift in Sources */,
				088AB29F251D11BF0013BC17 /* FoodQueryResult.swift in Sources */,
				08AA0B552512804B0051775F /* Malt.swift in Sources */,
				08862E3D250D3CFC00384212 /* CurvedLabel.m in Sources */,
				08AA0B502512804B0051775F /* Hop.swift in Sources */,
				088AB2AA251D16A10013BC17 /* SearchCollectionViewCell.swift in Sources */,
				08624D5F251A47C90050F5FC /* AdvancedSearchViewController.m in Sources */,
				08624D6A251A48230050F5FC /* mediaTagCell.m in Sources */,
				0867B51425101E2000A5109D /* SeachVC.swift in Sources */,
				08624D83251BFD4C0050F5FC /* CircleGradient.swift in Sources */,
				08862E03250D396400384212 /* AppDelegate.swift in Sources */,
				08862E05250D396400384212 /* SceneDelegate.swift in Sources */,
				08624D6F251A4A5B0050F5FC /* SearchTag.swift in Sources */,
				08AA0B582512804B0051775F /* Beer.swift in Sources */,
				08AA0B522512804B0051775F /* Fermentation.swift in Sources */,
			);
			runOnlyForDeploymentPostprocessing = 0;
		};
		08862E16250D396800384212 /* Sources */ = {
			isa = PBXSourcesBuildPhase;
			buildActionMask = 2147483647;
			files = (
				08862E1F250D396800384212 /* Ios_DemonstrationsTests.swift in Sources */,
			);
			runOnlyForDeploymentPostprocessing = 0;
		};
		08862E21250D396800384212 /* Sources */ = {
			isa = PBXSourcesBuildPhase;
			buildActionMask = 2147483647;
			files = (
				08862E2A250D396800384212 /* Ios_DemonstrationsUITests.swift in Sources */,
			);
			runOnlyForDeploymentPostprocessing = 0;
		};
/* End PBXSourcesBuildPhase section */

/* Begin PBXTargetDependency section */
		08862E1C250D396800384212 /* PBXTargetDependency */ = {
			isa = PBXTargetDependency;
			target = 08862DFE250D396400384212 /* Ios Demonstrations */;
			targetProxy = 08862E1B250D396800384212 /* PBXContainerItemProxy */;
		};
		08862E27250D396800384212 /* PBXTargetDependency */ = {
			isa = PBXTargetDependency;
			target = 08862DFE250D396400384212 /* Ios Demonstrations */;
			targetProxy = 08862E26250D396800384212 /* PBXContainerItemProxy */;
		};
/* End PBXTargetDependency section */

/* Begin PBXVariantGroup section */
		08862E0A250D396400384212 /* Main.storyboard */ = {
			isa = PBXVariantGroup;
			children = (
				08862E0B250D396400384212 /* Base */,
			);
			name = Main.storyboard;
			sourceTree = "<group>";
		};
		08862E12250D396700384212 /* LaunchScreen.storyboard */ = {
			isa = PBXVariantGroup;
			children = (
				08862E13250D396700384212 /* Base */,
			);
			name = LaunchScreen.storyboard;
			sourceTree = "<group>";
		};
/* End PBXVariantGroup section */

/* Begin XCBuildConfiguration section */
		08862E2C250D396800384212 /* Debug */ = {
			isa = XCBuildConfiguration;
			buildSettings = {
				ALWAYS_SEARCH_USER_PATHS = NO;
				CLANG_ANALYZER_NONNULL = YES;
				CLANG_ANALYZER_NUMBER_OBJECT_CONVERSION = YES_AGGRESSIVE;
				CLANG_CXX_LANGUAGE_STANDARD = "gnu++14";
				CLANG_CXX_LIBRARY = "libc++";
				CLANG_ENABLE_MODULES = YES;
				CLANG_ENABLE_OBJC_ARC = YES;
				CLANG_ENABLE_OBJC_WEAK = YES;
				CLANG_WARN_BLOCK_CAPTURE_AUTORELEASING = YES;
				CLANG_WARN_BOOL_CONVERSION = YES;
				CLANG_WARN_COMMA = YES;
				CLANG_WARN_CONSTANT_CONVERSION = YES;
				CLANG_WARN_DEPRECATED_OBJC_IMPLEMENTATIONS = YES;
				CLANG_WARN_DIRECT_OBJC_ISA_USAGE = YES_ERROR;
				CLANG_WARN_DOCUMENTATION_COMMENTS = YES;
				CLANG_WARN_EMPTY_BODY = YES;
				CLANG_WARN_ENUM_CONVERSION = YES;
				CLANG_WARN_INFINITE_RECURSION = YES;
				CLANG_WARN_INT_CONVERSION = YES;
				CLANG_WARN_NON_LITERAL_NULL_CONVERSION = YES;
				CLANG_WARN_OBJC_IMPLICIT_RETAIN_SELF = YES;
				CLANG_WARN_OBJC_LITERAL_CONVERSION = YES;
				CLANG_WARN_OBJC_ROOT_CLASS = YES_ERROR;
				CLANG_WARN_RANGE_LOOP_ANALYSIS = YES;
				CLANG_WARN_STRICT_PROTOTYPES = YES;
				CLANG_WARN_SUSPICIOUS_MOVE = YES;
				CLANG_WARN_UNGUARDED_AVAILABILITY = YES_AGGRESSIVE;
				CLANG_WARN_UNREACHABLE_CODE = YES;
				CLANG_WARN__DUPLICATE_METHOD_MATCH = YES;
				COPY_PHASE_STRIP = NO;
				DEBUG_INFORMATION_FORMAT = dwarf;
				ENABLE_STRICT_OBJC_MSGSEND = YES;
				ENABLE_TESTABILITY = YES;
				GCC_C_LANGUAGE_STANDARD = gnu11;
				GCC_DYNAMIC_NO_PIC = NO;
				GCC_NO_COMMON_BLOCKS = YES;
				GCC_OPTIMIZATION_LEVEL = 0;
				GCC_PREPROCESSOR_DEFINITIONS = (
					"DEBUG=1",
					"$(inherited)",
				);
				GCC_WARN_64_TO_32_BIT_CONVERSION = YES;
				GCC_WARN_ABOUT_RETURN_TYPE = YES_ERROR;
				GCC_WARN_UNDECLARED_SELECTOR = YES;
				GCC_WARN_UNINITIALIZED_AUTOS = YES_AGGRESSIVE;
				GCC_WARN_UNUSED_FUNCTION = YES;
				GCC_WARN_UNUSED_VARIABLE = YES;
				IPHONEOS_DEPLOYMENT_TARGET = 13.7;
				MTL_ENABLE_DEBUG_INFO = INCLUDE_SOURCE;
				MTL_FAST_MATH = YES;
				ONLY_ACTIVE_ARCH = YES;
				SDKROOT = iphoneos;
				SWIFT_ACTIVE_COMPILATION_CONDITIONS = DEBUG;
				SWIFT_OBJC_BRIDGING_HEADER = "$(SRCROOT)/SwiftBridge.h";
				SWIFT_OPTIMIZATION_LEVEL = "-Onone";
			};
			name = Debug;
		};
		08862E2D250D396800384212 /* Release */ = {
			isa = XCBuildConfiguration;
			buildSettings = {
				ALWAYS_SEARCH_USER_PATHS = NO;
				CLANG_ANALYZER_NONNULL = YES;
				CLANG_ANALYZER_NUMBER_OBJECT_CONVERSION = YES_AGGRESSIVE;
				CLANG_CXX_LANGUAGE_STANDARD = "gnu++14";
				CLANG_CXX_LIBRARY = "libc++";
				CLANG_ENABLE_MODULES = YES;
				CLANG_ENABLE_OBJC_ARC = YES;
				CLANG_ENABLE_OBJC_WEAK = YES;
				CLANG_WARN_BLOCK_CAPTURE_AUTORELEASING = YES;
				CLANG_WARN_BOOL_CONVERSION = YES;
				CLANG_WARN_COMMA = YES;
				CLANG_WARN_CONSTANT_CONVERSION = YES;
				CLANG_WARN_DEPRECATED_OBJC_IMPLEMENTATIONS = YES;
				CLANG_WARN_DIRECT_OBJC_ISA_USAGE = YES_ERROR;
				CLANG_WARN_DOCUMENTATION_COMMENTS = YES;
				CLANG_WARN_EMPTY_BODY = YES;
				CLANG_WARN_ENUM_CONVERSION = YES;
				CLANG_WARN_INFINITE_RECURSION = YES;
				CLANG_WARN_INT_CONVERSION = YES;
				CLANG_WARN_NON_LITERAL_NULL_CONVERSION = YES;
				CLANG_WARN_OBJC_IMPLICIT_RETAIN_SELF = YES;
				CLANG_WARN_OBJC_LITERAL_CONVERSION = YES;
				CLANG_WARN_OBJC_ROOT_CLASS = YES_ERROR;
				CLANG_WARN_RANGE_LOOP_ANALYSIS = YES;
				CLANG_WARN_STRICT_PROTOTYPES = YES;
				CLANG_WARN_SUSPICIOUS_MOVE = YES;
				CLANG_WARN_UNGUARDED_AVAILABILITY = YES_AGGRESSIVE;
				CLANG_WARN_UNREACHABLE_CODE = YES;
				CLANG_WARN__DUPLICATE_METHOD_MATCH = YES;
				COPY_PHASE_STRIP = NO;
				DEBUG_INFORMATION_FORMAT = "dwarf-with-dsym";
				ENABLE_NS_ASSERTIONS = NO;
				ENABLE_STRICT_OBJC_MSGSEND = YES;
				GCC_C_LANGUAGE_STANDARD = gnu11;
				GCC_NO_COMMON_BLOCKS = YES;
				GCC_WARN_64_TO_32_BIT_CONVERSION = YES;
				GCC_WARN_ABOUT_RETURN_TYPE = YES_ERROR;
				GCC_WARN_UNDECLARED_SELECTOR = YES;
				GCC_WARN_UNINITIALIZED_AUTOS = YES_AGGRESSIVE;
				GCC_WARN_UNUSED_FUNCTION = YES;
				GCC_WARN_UNUSED_VARIABLE = YES;
				IPHONEOS_DEPLOYMENT_TARGET = 13.7;
				MTL_ENABLE_DEBUG_INFO = NO;
				MTL_FAST_MATH = YES;
				SDKROOT = iphoneos;
				SWIFT_COMPILATION_MODE = wholemodule;
				SWIFT_OBJC_BRIDGING_HEADER = "$(SRCROOT)/SwiftBridge.h";
				SWIFT_OPTIMIZATION_LEVEL = "-O";
				VALIDATE_PRODUCT = YES;
			};
			name = Release;
		};
		08862E2F250D396800384212 /* Debug */ = {
			isa = XCBuildConfiguration;
			baseConfigurationReference = EE10EC4A882FC956EC238BBC /* Pods-Ios Demonstrations.debug.xcconfig */;
			buildSettings = {
				ASSETCATALOG_COMPILER_APPICON_NAME = AppIcon;
				CODE_SIGN_STYLE = Automatic;
				DEVELOPMENT_TEAM = MJL7S6N54C;
				INFOPLIST_FILE = "Ios Demonstrations/Info.plist";
				LD_RUNPATH_SEARCH_PATHS = (
					"$(inherited)",
					"@executable_path/Frameworks",
				);
				PRODUCT_BUNDLE_IDENTIFIER = "com.nathan.walsh.Ios-Demonstrations";
				PRODUCT_NAME = "$(TARGET_NAME)";
				SWIFT_VERSION = 5.0;
				TARGETED_DEVICE_FAMILY = "1,2";
			};
			name = Debug;
		};
		08862E30250D396800384212 /* Release */ = {
			isa = XCBuildConfiguration;
			baseConfigurationReference = C636F44B54C398B9D0927911 /* Pods-Ios Demonstrations.release.xcconfig */;
			buildSettings = {
				ASSETCATALOG_COMPILER_APPICON_NAME = AppIcon;
				CODE_SIGN_STYLE = Automatic;
				DEVELOPMENT_TEAM = MJL7S6N54C;
				INFOPLIST_FILE = "Ios Demonstrations/Info.plist";
				LD_RUNPATH_SEARCH_PATHS = (
					"$(inherited)",
					"@executable_path/Frameworks",
				);
				PRODUCT_BUNDLE_IDENTIFIER = "com.nathan.walsh.Ios-Demonstrations";
				PRODUCT_NAME = "$(TARGET_NAME)";
				SWIFT_VERSION = 5.0;
				TARGETED_DEVICE_FAMILY = "1,2";
			};
			name = Release;
		};
		08862E32250D396800384212 /* Debug */ = {
			isa = XCBuildConfiguration;
			buildSettings = {
				ALWAYS_EMBED_SWIFT_STANDARD_LIBRARIES = YES;
				BUNDLE_LOADER = "$(TEST_HOST)";
				CODE_SIGN_STYLE = Automatic;
				INFOPLIST_FILE = "Ios DemonstrationsTests/Info.plist";
				IPHONEOS_DEPLOYMENT_TARGET = 13.7;
				LD_RUNPATH_SEARCH_PATHS = (
					"$(inherited)",
					"@executable_path/Frameworks",
					"@loader_path/Frameworks",
				);
				PRODUCT_BUNDLE_IDENTIFIER = "com.nathan.walsh.Ios-DemonstrationsTests";
				PRODUCT_NAME = "$(TARGET_NAME)";
				SWIFT_VERSION = 5.0;
				TARGETED_DEVICE_FAMILY = "1,2";
				TEST_HOST = "$(BUILT_PRODUCTS_DIR)/Ios Demonstrations.app/Ios Demonstrations";
			};
			name = Debug;
		};
		08862E33250D396800384212 /* Release */ = {
			isa = XCBuildConfiguration;
			buildSettings = {
				ALWAYS_EMBED_SWIFT_STANDARD_LIBRARIES = YES;
				BUNDLE_LOADER = "$(TEST_HOST)";
				CODE_SIGN_STYLE = Automatic;
				INFOPLIST_FILE = "Ios DemonstrationsTests/Info.plist";
				IPHONEOS_DEPLOYMENT_TARGET = 13.7;
				LD_RUNPATH_SEARCH_PATHS = (
					"$(inherited)",
					"@executable_path/Frameworks",
					"@loader_path/Frameworks",
				);
				PRODUCT_BUNDLE_IDENTIFIER = "com.nathan.walsh.Ios-DemonstrationsTests";
				PRODUCT_NAME = "$(TARGET_NAME)";
				SWIFT_VERSION = 5.0;
				TARGETED_DEVICE_FAMILY = "1,2";
				TEST_HOST = "$(BUILT_PRODUCTS_DIR)/Ios Demonstrations.app/Ios Demonstrations";
			};
			name = Release;
		};
		08862E35250D396800384212 /* Debug */ = {
			isa = XCBuildConfiguration;
			buildSettings = {
				ALWAYS_EMBED_SWIFT_STANDARD_LIBRARIES = YES;
				CODE_SIGN_STYLE = Automatic;
				INFOPLIST_FILE = "Ios DemonstrationsUITests/Info.plist";
				LD_RUNPATH_SEARCH_PATHS = (
					"$(inherited)",
					"@executable_path/Frameworks",
					"@loader_path/Frameworks",
				);
				PRODUCT_BUNDLE_IDENTIFIER = "com.nathan.walsh.Ios-DemonstrationsUITests";
				PRODUCT_NAME = "$(TARGET_NAME)";
				SWIFT_VERSION = 5.0;
				TARGETED_DEVICE_FAMILY = "1,2";
				TEST_TARGET_NAME = "Ios Demonstrations";
			};
			name = Debug;
		};
		08862E36250D396800384212 /* Release */ = {
			isa = XCBuildConfiguration;
			buildSettings = {
				ALWAYS_EMBED_SWIFT_STANDARD_LIBRARIES = YES;
				CODE_SIGN_STYLE = Automatic;
				INFOPLIST_FILE = "Ios DemonstrationsUITests/Info.plist";
				LD_RUNPATH_SEARCH_PATHS = (
					"$(inherited)",
					"@executable_path/Frameworks",
					"@loader_path/Frameworks",
				);
				PRODUCT_BUNDLE_IDENTIFIER = "com.nathan.walsh.Ios-DemonstrationsUITests";
				PRODUCT_NAME = "$(TARGET_NAME)";
				SWIFT_VERSION = 5.0;
				TARGETED_DEVICE_FAMILY = "1,2";
				TEST_TARGET_NAME = "Ios Demonstrations";
			};
			name = Release;
		};
/* End XCBuildConfiguration section */

/* Begin XCConfigurationList section */
		08862DFA250D396400384212 /* Build configuration list for PBXProject "Ios Demonstrations" */ = {
			isa = XCConfigurationList;
			buildConfigurations = (
				08862E2C250D396800384212 /* Debug */,
				08862E2D250D396800384212 /* Release */,
			);
			defaultConfigurationIsVisible = 0;
			defaultConfigurationName = Release;
		};
		08862E2E250D396800384212 /* Build configuration list for PBXNativeTarget "Ios Demonstrations" */ = {
			isa = XCConfigurationList;
			buildConfigurations = (
				08862E2F250D396800384212 /* Debug */,
				08862E30250D396800384212 /* Release */,
			);
			defaultConfigurationIsVisible = 0;
			defaultConfigurationName = Release;
		};
		08862E31250D396800384212 /* Build configuration list for PBXNativeTarget "Ios DemonstrationsTests" */ = {
			isa = XCConfigurationList;
			buildConfigurations = (
				08862E32250D396800384212 /* Debug */,
				08862E33250D396800384212 /* Release */,
			);
			defaultConfigurationIsVisible = 0;
			defaultConfigurationName = Release;
		};
		08862E34250D396800384212 /* Build configuration list for PBXNativeTarget "Ios DemonstrationsUITests" */ = {
			isa = XCConfigurationList;
			buildConfigurations = (
				08862E35250D396800384212 /* Debug */,
				08862E36250D396800384212 /* Release */,
			);
			defaultConfigurationIsVisible = 0;
			defaultConfigurationName = Release;
		};
/* End XCConfigurationList section */

/* Begin XCVersionGroup section */
		08862E0D250D396400384212 /* Ios_Demonstrations.xcdatamodeld */ = {
			isa = XCVersionGroup;
			children = (
				08862E0E250D396400384212 /* Ios_Demonstrations.xcdatamodel */,
			);
			currentVersion = 08862E0E250D396400384212 /* Ios_Demonstrations.xcdatamodel */;
			path = Ios_Demonstrations.xcdatamodeld;
			sourceTree = "<group>";
			versionGroupType = wrapper.xcdatamodel;
		};
/* End XCVersionGroup section */
	};
	rootObject = 08862DF7250D396400384212 /* Project object */;
}
